// !$*UTF8*$!
{
	archiveVersion = 1;
	classes = {
	};
	objectVersion = 46;
	objects = {

/* Begin PBXBuildFile section */
		0A0158E81414D9560039B4D4 /* VerticalStackLayout.h in Headers */ = {isa = PBXBuildFile; fileRef = 0A0158E61414D9560039B4D4 /* VerticalStackLayout.h */; settings = {ATTRIBUTES = (Public, ); }; };
		0A0158E91414D9560039B4D4 /* VerticalStackLayout.m in Sources */ = {isa = PBXBuildFile; fileRef = 0A0158E71414D9560039B4D4 /* VerticalStackLayout.m */; };
		0A1B719814D76E0900247F46 /* Stack.h in Headers */ = {isa = PBXBuildFile; fileRef = 0A1B719614D76E0900247F46 /* Stack.h */; settings = {ATTRIBUTES = (Public, ); }; };
		0A1B719914D76E0900247F46 /* Stack.m in Sources */ = {isa = PBXBuildFile; fileRef = 0A1B719714D76E0900247F46 /* Stack.m */; };
		0A253F7214AC1863003ABC71 /* NSMutableDictionary+ConditionalSet.h in Headers */ = {isa = PBXBuildFile; fileRef = 0A253F7014AC1863003ABC71 /* NSMutableDictionary+ConditionalSet.h */; settings = {ATTRIBUTES = (Public, ); }; };
		0A253F7314AC1863003ABC71 /* NSMutableDictionary+ConditionalSet.m in Sources */ = {isa = PBXBuildFile; fileRef = 0A253F7114AC1863003ABC71 /* NSMutableDictionary+ConditionalSet.m */; };
		0A253FA114AD4B8C003ABC71 /* PasswordManager.h in Headers */ = {isa = PBXBuildFile; fileRef = 0A253F9F14AD4B8C003ABC71 /* PasswordManager.h */; settings = {ATTRIBUTES = (Public, ); }; };
		0A253FA214AD4B8C003ABC71 /* PasswordManager.m in Sources */ = {isa = PBXBuildFile; fileRef = 0A253FA014AD4B8C003ABC71 /* PasswordManager.m */; };
		0A253FA514AD4C0A003ABC71 /* NSMutableDictionary+PasswordManager.h in Headers */ = {isa = PBXBuildFile; fileRef = 0A253FA314AD4C0A003ABC71 /* NSMutableDictionary+PasswordManager.h */; settings = {ATTRIBUTES = (Public, ); }; };
		0A253FA614AD4C0A003ABC71 /* NSMutableDictionary+PasswordManager.m in Sources */ = {isa = PBXBuildFile; fileRef = 0A253FA414AD4C0A003ABC71 /* NSMutableDictionary+PasswordManager.m */; };
		0A253FA814AD4E47003ABC71 /* Security.framework in Frameworks */ = {isa = PBXBuildFile; fileRef = 0A253FA714AD4E47003ABC71 /* Security.framework */; };
		0A253FAA14AD4E67003ABC71 /* QuartzCore.framework in Frameworks */ = {isa = PBXBuildFile; fileRef = 0A253FA914AD4E67003ABC71 /* QuartzCore.framework */; };
		0A265A1A146CAEB500C8A317 /* NSDictionary+Types.h in Headers */ = {isa = PBXBuildFile; fileRef = 0A265A18146CAEB500C8A317 /* NSDictionary+Types.h */; settings = {ATTRIBUTES = (Public, ); }; };
		0A265A1B146CAEB500C8A317 /* NSDictionary+Types.m in Sources */ = {isa = PBXBuildFile; fileRef = 0A265A19146CAEB500C8A317 /* NSDictionary+Types.m */; };
		0A352A8213E6103A008D4A82 /* NSObject+Marker.h in Headers */ = {isa = PBXBuildFile; fileRef = 0A352A8013E6103A008D4A82 /* NSObject+Marker.h */; settings = {ATTRIBUTES = (Public, ); }; };
		0A352A8313E6103A008D4A82 /* NSObject+Marker.m in Sources */ = {isa = PBXBuildFile; fileRef = 0A352A8113E6103A008D4A82 /* NSObject+Marker.m */; };
		0A39B90A13E4E81100D0B638 /* Foundation.framework in Frameworks */ = {isa = PBXBuildFile; fileRef = 0A39B90913E4E81100D0B638 /* Foundation.framework */; };
		0A39B91013E4E81100D0B638 /* InfoPlist.strings in Resources */ = {isa = PBXBuildFile; fileRef = 0A39B90E13E4E81100D0B638 /* InfoPlist.strings */; };
		0A39B95D13E4E96B00D0B638 /* Foundation+UsefulBits.h in Headers */ = {isa = PBXBuildFile; fileRef = 0A39B91B13E4E96B00D0B638 /* Foundation+UsefulBits.h */; settings = {ATTRIBUTES = (Public, ); }; };
		0A39B95E13E4E96B00D0B638 /* NSArray+Access.h in Headers */ = {isa = PBXBuildFile; fileRef = 0A39B91C13E4E96B00D0B638 /* NSArray+Access.h */; settings = {ATTRIBUTES = (Public, ); }; };
		0A39B95F13E4E96B00D0B638 /* NSArray+Access.m in Sources */ = {isa = PBXBuildFile; fileRef = 0A39B91D13E4E96B00D0B638 /* NSArray+Access.m */; };
		0A39B96013E4E96B00D0B638 /* NSArray+Blocks.h in Headers */ = {isa = PBXBuildFile; fileRef = 0A39B91E13E4E96B00D0B638 /* NSArray+Blocks.h */; settings = {ATTRIBUTES = (Public, ); }; };
		0A39B96113E4E96B00D0B638 /* NSArray+Blocks.m in Sources */ = {isa = PBXBuildFile; fileRef = 0A39B91F13E4E96B00D0B638 /* NSArray+Blocks.m */; };
		0A39B96213E4E96B00D0B638 /* NSDictionary+URLParams.h in Headers */ = {isa = PBXBuildFile; fileRef = 0A39B92013E4E96B00D0B638 /* NSDictionary+URLParams.h */; settings = {ATTRIBUTES = (Public, ); }; };
		0A39B96313E4E96B00D0B638 /* NSDictionary+URLParams.m in Sources */ = {isa = PBXBuildFile; fileRef = 0A39B92113E4E96B00D0B638 /* NSDictionary+URLParams.m */; };
		0A39B96413E4E96B00D0B638 /* NSLock+Blocks.h in Headers */ = {isa = PBXBuildFile; fileRef = 0A39B92213E4E96B00D0B638 /* NSLock+Blocks.h */; settings = {ATTRIBUTES = (Public, ); }; };
		0A39B96513E4E96B00D0B638 /* NSLock+Blocks.m in Sources */ = {isa = PBXBuildFile; fileRef = 0A39B92313E4E96B00D0B638 /* NSLock+Blocks.m */; };
		0A39B96613E4E96B00D0B638 /* NSObject+Blocks.h in Headers */ = {isa = PBXBuildFile; fileRef = 0A39B92413E4E96B00D0B638 /* NSObject+Blocks.h */; settings = {ATTRIBUTES = (Public, ); }; };
		0A39B96713E4E96B00D0B638 /* NSObject+Blocks.m in Sources */ = {isa = PBXBuildFile; fileRef = 0A39B92513E4E96B00D0B638 /* NSObject+Blocks.m */; };
		0A39B96813E4E96B00D0B638 /* NSObject+Creation.h in Headers */ = {isa = PBXBuildFile; fileRef = 0A39B92613E4E96B00D0B638 /* NSObject+Creation.h */; settings = {ATTRIBUTES = (Public, ); }; };
		0A39B96913E4E96B00D0B638 /* NSObject+Creation.m in Sources */ = {isa = PBXBuildFile; fileRef = 0A39B92713E4E96B00D0B638 /* NSObject+Creation.m */; };
		0A39B96A13E4E96B00D0B638 /* NSOperationQueue+WorkerQueue.h in Headers */ = {isa = PBXBuildFile; fileRef = 0A39B92813E4E96B00D0B638 /* NSOperationQueue+WorkerQueue.h */; settings = {ATTRIBUTES = (Public, ); }; };
		0A39B96B13E4E96B00D0B638 /* NSOperationQueue+WorkerQueue.m in Sources */ = {isa = PBXBuildFile; fileRef = 0A39B92913E4E96B00D0B638 /* NSOperationQueue+WorkerQueue.m */; };
		0A39B96C13E4E96B00D0B638 /* NSSet+Blocks.h in Headers */ = {isa = PBXBuildFile; fileRef = 0A39B92A13E4E96B00D0B638 /* NSSet+Blocks.h */; settings = {ATTRIBUTES = (Public, ); }; };
		0A39B96D13E4E96B00D0B638 /* NSSet+Blocks.m in Sources */ = {isa = PBXBuildFile; fileRef = 0A39B92B13E4E96B00D0B638 /* NSSet+Blocks.m */; };
		0A39B96E13E4E96B00D0B638 /* NSSet+Intersection.h in Headers */ = {isa = PBXBuildFile; fileRef = 0A39B92C13E4E96B00D0B638 /* NSSet+Intersection.h */; settings = {ATTRIBUTES = (Public, ); }; };
		0A39B96F13E4E96B00D0B638 /* NSSet+Intersection.m in Sources */ = {isa = PBXBuildFile; fileRef = 0A39B92D13E4E96B00D0B638 /* NSSet+Intersection.m */; };
		0A39B97013E4E96B00D0B638 /* NSString+URLEncode.h in Headers */ = {isa = PBXBuildFile; fileRef = 0A39B92E13E4E96B00D0B638 /* NSString+URLEncode.h */; settings = {ATTRIBUTES = (Public, ); }; };
		0A39B97113E4E96B00D0B638 /* NSString+URLEncode.m in Sources */ = {isa = PBXBuildFile; fileRef = 0A39B92F13E4E96B00D0B638 /* NSString+URLEncode.m */; };
		0A39B97213E4E96B00D0B638 /* NSURL+Parameters.h in Headers */ = {isa = PBXBuildFile; fileRef = 0A39B93013E4E96B00D0B638 /* NSURL+Parameters.h */; settings = {ATTRIBUTES = (Public, ); }; };
		0A39B97313E4E96B00D0B638 /* NSURL+Parameters.m in Sources */ = {isa = PBXBuildFile; fileRef = 0A39B93113E4E96B00D0B638 /* NSURL+Parameters.m */; };
		0A39B97413E4E96B00D0B638 /* CustomNavigationBar.h in Headers */ = {isa = PBXBuildFile; fileRef = 0A39B93313E4E96B00D0B638 /* CustomNavigationBar.h */; settings = {ATTRIBUTES = (Public, ); }; };
		0A39B97513E4E96B00D0B638 /* CustomNavigationBar.m in Sources */ = {isa = PBXBuildFile; fileRef = 0A39B93413E4E96B00D0B638 /* CustomNavigationBar.m */; };
		0A39B97613E4E96B00D0B638 /* CustomNavigationController.h in Headers */ = {isa = PBXBuildFile; fileRef = 0A39B93513E4E96B00D0B638 /* CustomNavigationController.h */; settings = {ATTRIBUTES = (Public, ); }; };
		0A39B97713E4E96B00D0B638 /* CustomNavigationController.m in Sources */ = {isa = PBXBuildFile; fileRef = 0A39B93613E4E96B00D0B638 /* CustomNavigationController.m */; };
		0A39B97813E4E96B00D0B638 /* DecoratedView.h in Headers */ = {isa = PBXBuildFile; fileRef = 0A39B93713E4E96B00D0B638 /* DecoratedView.h */; settings = {ATTRIBUTES = (Public, ); }; };
		0A39B97913E4E96B00D0B638 /* DecoratedView.m in Sources */ = {isa = PBXBuildFile; fileRef = 0A39B93813E4E96B00D0B638 /* DecoratedView.m */; };
		0A39B97A13E4E96B00D0B638 /* HorizontalFillLayout.h in Headers */ = {isa = PBXBuildFile; fileRef = 0A39B93913E4E96B00D0B638 /* HorizontalFillLayout.h */; settings = {ATTRIBUTES = (Public, ); }; };
		0A39B97B13E4E96B00D0B638 /* HorizontalFillLayout.m in Sources */ = {isa = PBXBuildFile; fileRef = 0A39B93A13E4E96B00D0B638 /* HorizontalFillLayout.m */; };
		0A39B97C13E4E96B00D0B638 /* Layout.h in Headers */ = {isa = PBXBuildFile; fileRef = 0A39B93B13E4E96B00D0B638 /* Layout.h */; settings = {ATTRIBUTES = (Public, ); }; };
		0A39B97D13E4E96B00D0B638 /* LayoutManager.h in Headers */ = {isa = PBXBuildFile; fileRef = 0A39B93C13E4E96B00D0B638 /* LayoutManager.h */; settings = {ATTRIBUTES = (Public, ); }; };
		0A39B97E13E4E96B00D0B638 /* ManagedLayoutView.h in Headers */ = {isa = PBXBuildFile; fileRef = 0A39B93D13E4E96B00D0B638 /* ManagedLayoutView.h */; settings = {ATTRIBUTES = (Public, ); }; };
		0A39B97F13E4E96B00D0B638 /* ManagedLayoutView.m in Sources */ = {isa = PBXBuildFile; fileRef = 0A39B93E13E4E96B00D0B638 /* ManagedLayoutView.m */; };
		0A39B98013E4E96B00D0B638 /* UBAlertView.h in Headers */ = {isa = PBXBuildFile; fileRef = 0A39B93F13E4E96B00D0B638 /* UBAlertView.h */; settings = {ATTRIBUTES = (Public, ); }; };
		0A39B98113E4E96B00D0B638 /* UBAlertView.m in Sources */ = {isa = PBXBuildFile; fileRef = 0A39B94013E4E96B00D0B638 /* UBAlertView.m */; };
		0A39B98213E4E96B00D0B638 /* UIApplication+Orientation.h in Headers */ = {isa = PBXBuildFile; fileRef = 0A39B94113E4E96B00D0B638 /* UIApplication+Orientation.h */; settings = {ATTRIBUTES = (Public, ); }; };
		0A39B98313E4E96B00D0B638 /* UIApplication+Orientation.m in Sources */ = {isa = PBXBuildFile; fileRef = 0A39B94213E4E96B00D0B638 /* UIApplication+Orientation.m */; };
		0A39B98413E4E96B00D0B638 /* UIBarButtonItem+Buttons.h in Headers */ = {isa = PBXBuildFile; fileRef = 0A39B94313E4E96B00D0B638 /* UIBarButtonItem+Buttons.h */; settings = {ATTRIBUTES = (Public, ); }; };
		0A39B98513E4E96B00D0B638 /* UIBarButtonItem+Buttons.m in Sources */ = {isa = PBXBuildFile; fileRef = 0A39B94413E4E96B00D0B638 /* UIBarButtonItem+Buttons.m */; };
		0A39B98613E4E96B00D0B638 /* UIControl+Blocks.h in Headers */ = {isa = PBXBuildFile; fileRef = 0A39B94513E4E96B00D0B638 /* UIControl+Blocks.h */; settings = {ATTRIBUTES = (Public, ); }; };
		0A39B98713E4E96B00D0B638 /* UIControl+Blocks.m in Sources */ = {isa = PBXBuildFile; fileRef = 0A39B94613E4E96B00D0B638 /* UIControl+Blocks.m */; };
		0A39B98813E4E96B00D0B638 /* UIGestureRecognizer+Blocks.h in Headers */ = {isa = PBXBuildFile; fileRef = 0A39B94713E4E96B00D0B638 /* UIGestureRecognizer+Blocks.h */; settings = {ATTRIBUTES = (Public, ); }; };
		0A39B98913E4E96B00D0B638 /* UIGestureRecognizer+Blocks.m in Sources */ = {isa = PBXBuildFile; fileRef = 0A39B94813E4E96B00D0B638 /* UIGestureRecognizer+Blocks.m */; };
		0A39B98A13E4E96B00D0B638 /* UIImage+Size.h in Headers */ = {isa = PBXBuildFile; fileRef = 0A39B94913E4E96B00D0B638 /* UIImage+Size.h */; settings = {ATTRIBUTES = (Public, ); }; };
		0A39B98B13E4E96B00D0B638 /* UIImage+Size.m in Sources */ = {isa = PBXBuildFile; fileRef = 0A39B94A13E4E96B00D0B638 /* UIImage+Size.m */; };
		0A39B98C13E4E96B00D0B638 /* UIImage+Tint.h in Headers */ = {isa = PBXBuildFile; fileRef = 0A39B94B13E4E96B00D0B638 /* UIImage+Tint.h */; settings = {ATTRIBUTES = (Public, ); }; };
		0A39B98D13E4E96B00D0B638 /* UIImage+Tint.m in Sources */ = {isa = PBXBuildFile; fileRef = 0A39B94C13E4E96B00D0B638 /* UIImage+Tint.m */; };
		0A39B98E13E4E96B00D0B638 /* UIKit+UsefulBits.h in Headers */ = {isa = PBXBuildFile; fileRef = 0A39B94D13E4E96B00D0B638 /* UIKit+UsefulBits.h */; settings = {ATTRIBUTES = (Public, ); }; };
		0A39B98F13E4E96B00D0B638 /* UINavigationBar+Background.h in Headers */ = {isa = PBXBuildFile; fileRef = 0A39B94E13E4E96B00D0B638 /* UINavigationBar+Background.h */; settings = {ATTRIBUTES = (Public, ); }; };
		0A39B99013E4E96B00D0B638 /* UINavigationBar+Background.m in Sources */ = {isa = PBXBuildFile; fileRef = 0A39B94F13E4E96B00D0B638 /* UINavigationBar+Background.m */; };
		0A39B99113E4E96B00D0B638 /* UIView+Actions.h in Headers */ = {isa = PBXBuildFile; fileRef = 0A39B95013E4E96B00D0B638 /* UIView+Actions.h */; settings = {ATTRIBUTES = (Public, ); }; };
		0A39B99213E4E96B00D0B638 /* UIView+Actions.m in Sources */ = {isa = PBXBuildFile; fileRef = 0A39B95113E4E96B00D0B638 /* UIView+Actions.m */; };
		0A39B99313E4E96B00D0B638 /* UIView+Decorators.h in Headers */ = {isa = PBXBuildFile; fileRef = 0A39B95213E4E96B00D0B638 /* UIView+Decorators.h */; settings = {ATTRIBUTES = (Public, ); }; };
		0A39B99413E4E96B00D0B638 /* UIView+Decorators.m in Sources */ = {isa = PBXBuildFile; fileRef = 0A39B95313E4E96B00D0B638 /* UIView+Decorators.m */; };
		0A39B99513E4E96B00D0B638 /* UIView+Hierarchy.h in Headers */ = {isa = PBXBuildFile; fileRef = 0A39B95413E4E96B00D0B638 /* UIView+Hierarchy.h */; settings = {ATTRIBUTES = (Public, ); }; };
		0A39B99613E4E96B00D0B638 /* UIView+Hierarchy.m in Sources */ = {isa = PBXBuildFile; fileRef = 0A39B95513E4E96B00D0B638 /* UIView+Hierarchy.m */; };
		0A39B99713E4E96B00D0B638 /* UIView+Positioning.h in Headers */ = {isa = PBXBuildFile; fileRef = 0A39B95613E4E96B00D0B638 /* UIView+Positioning.h */; settings = {ATTRIBUTES = (Public, ); }; };
		0A39B99813E4E96B00D0B638 /* UIView+Positioning.m in Sources */ = {isa = PBXBuildFile; fileRef = 0A39B95713E4E96B00D0B638 /* UIView+Positioning.m */; };
		0A39B99913E4E96B00D0B638 /* UIView+Size.h in Headers */ = {isa = PBXBuildFile; fileRef = 0A39B95813E4E96B00D0B638 /* UIView+Size.h */; settings = {ATTRIBUTES = (Public, ); }; };
		0A39B99A13E4E96B00D0B638 /* UIView+Size.m in Sources */ = {isa = PBXBuildFile; fileRef = 0A39B95913E4E96B00D0B638 /* UIView+Size.m */; };
		0A39B99B13E4E96B00D0B638 /* ViewDecorators.h in Headers */ = {isa = PBXBuildFile; fileRef = 0A39B95A13E4E96B00D0B638 /* ViewDecorators.h */; settings = {ATTRIBUTES = (Public, ); }; };
		0A39B99C13E4E96B00D0B638 /* ViewDecorators.m in Sources */ = {isa = PBXBuildFile; fileRef = 0A39B95B13E4E96B00D0B638 /* ViewDecorators.m */; };
		0A39B99D13E4E96B00D0B638 /* UsefulBits.h in Headers */ = {isa = PBXBuildFile; fileRef = 0A39B95C13E4E96B00D0B638 /* UsefulBits.h */; settings = {ATTRIBUTES = (Public, ); }; };
		0A39B9A013E4EA4A00D0B638 /* UIKit.framework in Frameworks */ = {isa = PBXBuildFile; fileRef = 0A39B99F13E4EA4A00D0B638 /* UIKit.framework */; };
		0A7B0BC6147F7CE1002A32AF /* NSDictionary+Blocks.h in Headers */ = {isa = PBXBuildFile; fileRef = 0A7B0BC4147F7CE1002A32AF /* NSDictionary+Blocks.h */; settings = {ATTRIBUTES = (Public, ); }; };
		0A7B0BC7147F7CE1002A32AF /* NSDictionary+Blocks.m in Sources */ = {isa = PBXBuildFile; fileRef = 0A7B0BC5147F7CE1002A32AF /* NSDictionary+Blocks.m */; };
		0A9849B61414F77000F85D79 /* ColumnLayout.h in Headers */ = {isa = PBXBuildFile; fileRef = 0A9849B41414F77000F85D79 /* ColumnLayout.h */; settings = {ATTRIBUTES = (Public, ); }; };
		0A9849B71414F77000F85D79 /* ColumnLayout.m in Sources */ = {isa = PBXBuildFile; fileRef = 0A9849B51414F77000F85D79 /* ColumnLayout.m */; };
		0AA1AA0313E9F65400A3D5A7 /* UsefulQuartzFunctions.h in Headers */ = {isa = PBXBuildFile; fileRef = 0AA1AA0113E9F65400A3D5A7 /* UsefulQuartzFunctions.h */; settings = {ATTRIBUTES = (Public, ); }; };
		0AA1AA0413E9F65400A3D5A7 /* UsefulQuartzFunctions.m in Sources */ = {isa = PBXBuildFile; fileRef = 0AA1AA0213E9F65400A3D5A7 /* UsefulQuartzFunctions.m */; };
		0AA1AA0613E9F69C00A3D5A7 /* Quartz+UsefulBits.h in Headers */ = {isa = PBXBuildFile; fileRef = 0AA1AA0513E9F69C00A3D5A7 /* Quartz+UsefulBits.h */; settings = {ATTRIBUTES = (Public, ); }; };
		0AAF05E513E4F5D800FD753A /* UBMacros.h in Headers */ = {isa = PBXBuildFile; fileRef = 0AAF05E413E4F5D800FD753A /* UBMacros.h */; settings = {ATTRIBUTES = (Public, ); }; };
		0AB5CD321570CAA000D4A1E8 /* UIColor+Luminosity.h in Headers */ = {isa = PBXBuildFile; fileRef = 0AB5CD301570CAA000D4A1E8 /* UIColor+Luminosity.h */; settings = {ATTRIBUTES = (Public, ); }; };
		0AB5CD331570CAA000D4A1E8 /* UIColor+Luminosity.m in Sources */ = {isa = PBXBuildFile; fileRef = 0AB5CD311570CAA000D4A1E8 /* UIColor+Luminosity.m */; };
		0AC777B1154AABF90074331C /* UIView+Skin.h in Headers */ = {isa = PBXBuildFile; fileRef = 0AC777AF154AABF90074331C /* UIView+Skin.h */; settings = {ATTRIBUTES = (Public, ); }; };
		0AC777B2154AABF90074331C /* UIView+Skin.m in Sources */ = {isa = PBXBuildFile; fileRef = 0AC777B0154AABF90074331C /* UIView+Skin.m */; };
		0AC777B8154AACA30074331C /* UILabel+Skin.m in Sources */ = {isa = PBXBuildFile; fileRef = 0AC777B6154AACA30074331C /* UILabel+Skin.m */; };
		0AE0165314A323330061F9F0 /* UIWebView+Blocks.h in Headers */ = {isa = PBXBuildFile; fileRef = 0AE0165114A323330061F9F0 /* UIWebView+Blocks.h */; settings = {ATTRIBUTES = (Public, ); }; };
		0AE0165414A323330061F9F0 /* UIWebView+Blocks.m in Sources */ = {isa = PBXBuildFile; fileRef = 0AE0165214A323330061F9F0 /* UIWebView+Blocks.m */; };
		0AE3E07E149205C200C45DC9 /* UIColor+Hex.h in Headers */ = {isa = PBXBuildFile; fileRef = 0AE3E07C149205C200C45DC9 /* UIColor+Hex.h */; settings = {ATTRIBUTES = (Public, ); }; };
		0AE3E07F149205C200C45DC9 /* UIColor+Hex.m in Sources */ = {isa = PBXBuildFile; fileRef = 0AE3E07D149205C200C45DC9 /* UIColor+Hex.m */; };
		0AE3E0831492083100C45DC9 /* NSNumber+Hex.h in Headers */ = {isa = PBXBuildFile; fileRef = 0AE3E0811492083100C45DC9 /* NSNumber+Hex.h */; settings = {ATTRIBUTES = (Public, ); }; };
		0AE3E0841492083100C45DC9 /* NSNumber+Hex.m in Sources */ = {isa = PBXBuildFile; fileRef = 0AE3E0821492083100C45DC9 /* NSNumber+Hex.m */; };
		0AE9E44914920EA8006D8985 /* Skin.h in Headers */ = {isa = PBXBuildFile; fileRef = 0AE9E44714920EA8006D8985 /* Skin.h */; settings = {ATTRIBUTES = (Public, ); }; };
		0AE9E44A14920EA8006D8985 /* Skin.m in Sources */ = {isa = PBXBuildFile; fileRef = 0AE9E44814920EA8006D8985 /* Skin.m */; };
		0AE9E4521492E829006D8985 /* NSDictionary+Intersection.h in Headers */ = {isa = PBXBuildFile; fileRef = 0AE9E4501492E829006D8985 /* NSDictionary+Intersection.h */; settings = {ATTRIBUTES = (Public, ); }; };
		0AE9E4531492E829006D8985 /* NSDictionary+Intersection.m in Sources */ = {isa = PBXBuildFile; fileRef = 0AE9E4511492E829006D8985 /* NSDictionary+Intersection.m */; };
		0AEA933F14DE609200235D65 /* UBFoundationFunctions.h in Headers */ = {isa = PBXBuildFile; fileRef = 0AEA933D14DE609200235D65 /* UBFoundationFunctions.h */; settings = {ATTRIBUTES = (Public, ); }; };
		0AEA934014DE609200235D65 /* UBFoundationFunctions.m in Sources */ = {isa = PBXBuildFile; fileRef = 0AEA933E14DE609200235D65 /* UBFoundationFunctions.m */; };
		0AF3ADFC141364FF00E6C6C1 /* NSArray+Zip.h in Headers */ = {isa = PBXBuildFile; fileRef = 0AF3ADFA141364FE00E6C6C1 /* NSArray+Zip.h */; settings = {ATTRIBUTES = (Public, ); }; };
		0AF3ADFD141364FF00E6C6C1 /* NSArray+Zip.m in Sources */ = {isa = PBXBuildFile; fileRef = 0AF3ADFB141364FE00E6C6C1 /* NSArray+Zip.m */; };
		A320F20C16F6C5DB0026BE1C /* HorizontalStackLayout.h in Headers */ = {isa = PBXBuildFile; fileRef = A320F20A16F6C5DB0026BE1C /* HorizontalStackLayout.h */; settings = {ATTRIBUTES = (Public, ); }; };
		A320F20D16F6C5DB0026BE1C /* HorizontalStackLayout.m in Sources */ = {isa = PBXBuildFile; fileRef = A320F20B16F6C5DB0026BE1C /* HorizontalStackLayout.m */; };
		A331738118D016D800F169A4 /* UIApplication+ActivityIndicatorManagement.h in Headers */ = {isa = PBXBuildFile; fileRef = A331737F18D016D800F169A4 /* UIApplication+ActivityIndicatorManagement.h */; settings = {ATTRIBUTES = (Public, ); }; };
		A331738218D016D800F169A4 /* UIApplication+ActivityIndicatorManagement.m in Sources */ = {isa = PBXBuildFile; fileRef = A331738018D016D800F169A4 /* UIApplication+ActivityIndicatorManagement.m */; };
		AA1044B5166D5D2F00F91D44 /* UIButton+Buttons.h in Headers */ = {isa = PBXBuildFile; fileRef = AA1044B3166D5D2F00F91D44 /* UIButton+Buttons.h */; settings = {ATTRIBUTES = (Public, ); }; };
		AA1044B6166D5D2F00F91D44 /* UIButton+Buttons.m in Sources */ = {isa = PBXBuildFile; fileRef = AA1044B4166D5D2F00F91D44 /* UIButton+Buttons.m */; };
/* End PBXBuildFile section */

/* Begin PBXFileReference section */
		0A0158E61414D9560039B4D4 /* VerticalStackLayout.h */ = {isa = PBXFileReference; fileEncoding = 4; lastKnownFileType = sourcecode.c.h; path = VerticalStackLayout.h; sourceTree = "<group>"; };
		0A0158E71414D9560039B4D4 /* VerticalStackLayout.m */ = {isa = PBXFileReference; fileEncoding = 4; lastKnownFileType = sourcecode.c.objc; path = VerticalStackLayout.m; sourceTree = "<group>"; };
		0A1B719614D76E0900247F46 /* Stack.h */ = {isa = PBXFileReference; fileEncoding = 4; lastKnownFileType = sourcecode.c.h; path = Stack.h; sourceTree = "<group>"; };
		0A1B719714D76E0900247F46 /* Stack.m */ = {isa = PBXFileReference; fileEncoding = 4; lastKnownFileType = sourcecode.c.objc; path = Stack.m; sourceTree = "<group>"; };
		0A253F7014AC1863003ABC71 /* NSMutableDictionary+ConditionalSet.h */ = {isa = PBXFileReference; fileEncoding = 4; lastKnownFileType = sourcecode.c.h; path = "NSMutableDictionary+ConditionalSet.h"; sourceTree = "<group>"; };
		0A253F7114AC1863003ABC71 /* NSMutableDictionary+ConditionalSet.m */ = {isa = PBXFileReference; fileEncoding = 4; lastKnownFileType = sourcecode.c.objc; path = "NSMutableDictionary+ConditionalSet.m"; sourceTree = "<group>"; };
		0A253F9F14AD4B8C003ABC71 /* PasswordManager.h */ = {isa = PBXFileReference; fileEncoding = 4; lastKnownFileType = sourcecode.c.h; path = PasswordManager.h; sourceTree = "<group>"; };
		0A253FA014AD4B8C003ABC71 /* PasswordManager.m */ = {isa = PBXFileReference; fileEncoding = 4; lastKnownFileType = sourcecode.c.objc; path = PasswordManager.m; sourceTree = "<group>"; };
		0A253FA314AD4C0A003ABC71 /* NSMutableDictionary+PasswordManager.h */ = {isa = PBXFileReference; fileEncoding = 4; lastKnownFileType = sourcecode.c.h; path = "NSMutableDictionary+PasswordManager.h"; sourceTree = "<group>"; };
		0A253FA414AD4C0A003ABC71 /* NSMutableDictionary+PasswordManager.m */ = {isa = PBXFileReference; fileEncoding = 4; lastKnownFileType = sourcecode.c.objc; path = "NSMutableDictionary+PasswordManager.m"; sourceTree = "<group>"; };
		0A253FA714AD4E47003ABC71 /* Security.framework */ = {isa = PBXFileReference; lastKnownFileType = wrapper.framework; name = Security.framework; path = System/Library/Frameworks/Security.framework; sourceTree = SDKROOT; };
		0A253FA914AD4E67003ABC71 /* QuartzCore.framework */ = {isa = PBXFileReference; lastKnownFileType = wrapper.framework; name = QuartzCore.framework; path = System/Library/Frameworks/QuartzCore.framework; sourceTree = SDKROOT; };
		0A265A18146CAEB500C8A317 /* NSDictionary+Types.h */ = {isa = PBXFileReference; fileEncoding = 4; lastKnownFileType = sourcecode.c.h; path = "NSDictionary+Types.h"; sourceTree = "<group>"; };
		0A265A19146CAEB500C8A317 /* NSDictionary+Types.m */ = {isa = PBXFileReference; fileEncoding = 4; lastKnownFileType = sourcecode.c.objc; path = "NSDictionary+Types.m"; sourceTree = "<group>"; };
		0A352A8013E6103A008D4A82 /* NSObject+Marker.h */ = {isa = PBXFileReference; fileEncoding = 4; lastKnownFileType = sourcecode.c.h; path = "NSObject+Marker.h"; sourceTree = "<group>"; };
		0A352A8113E6103A008D4A82 /* NSObject+Marker.m */ = {isa = PBXFileReference; fileEncoding = 4; lastKnownFileType = sourcecode.c.objc; path = "NSObject+Marker.m"; sourceTree = "<group>"; };
		0A39B90613E4E81100D0B638 /* UsefulBits.framework */ = {isa = PBXFileReference; explicitFileType = wrapper.framework.static; includeInIndex = 0; path = UsefulBits.framework; sourceTree = BUILT_PRODUCTS_DIR; };
		0A39B90913E4E81100D0B638 /* Foundation.framework */ = {isa = PBXFileReference; lastKnownFileType = wrapper.framework; name = Foundation.framework; path = System/Library/Frameworks/Foundation.framework; sourceTree = SDKROOT; };
		0A39B90D13E4E81100D0B638 /* UsefulBits-Info.plist */ = {isa = PBXFileReference; lastKnownFileType = text.plist.xml; path = "UsefulBits-Info.plist"; sourceTree = "<group>"; };
		0A39B90F13E4E81100D0B638 /* en */ = {isa = PBXFileReference; lastKnownFileType = text.plist.strings; name = en; path = en.lproj/InfoPlist.strings; sourceTree = "<group>"; };
		0A39B91113E4E81100D0B638 /* UsefulBits-Prefix.pch */ = {isa = PBXFileReference; lastKnownFileType = sourcecode.c.h; path = "UsefulBits-Prefix.pch"; sourceTree = "<group>"; };
		0A39B91B13E4E96B00D0B638 /* Foundation+UsefulBits.h */ = {isa = PBXFileReference; fileEncoding = 4; lastKnownFileType = sourcecode.c.h; path = "Foundation+UsefulBits.h"; sourceTree = "<group>"; };
		0A39B91C13E4E96B00D0B638 /* NSArray+Access.h */ = {isa = PBXFileReference; fileEncoding = 4; lastKnownFileType = sourcecode.c.h; path = "NSArray+Access.h"; sourceTree = "<group>"; };
		0A39B91D13E4E96B00D0B638 /* NSArray+Access.m */ = {isa = PBXFileReference; fileEncoding = 4; lastKnownFileType = sourcecode.c.objc; path = "NSArray+Access.m"; sourceTree = "<group>"; };
		0A39B91E13E4E96B00D0B638 /* NSArray+Blocks.h */ = {isa = PBXFileReference; fileEncoding = 4; lastKnownFileType = sourcecode.c.h; path = "NSArray+Blocks.h"; sourceTree = "<group>"; };
		0A39B91F13E4E96B00D0B638 /* NSArray+Blocks.m */ = {isa = PBXFileReference; fileEncoding = 4; lastKnownFileType = sourcecode.c.objc; path = "NSArray+Blocks.m"; sourceTree = "<group>"; };
		0A39B92013E4E96B00D0B638 /* NSDictionary+URLParams.h */ = {isa = PBXFileReference; fileEncoding = 4; lastKnownFileType = sourcecode.c.h; path = "NSDictionary+URLParams.h"; sourceTree = "<group>"; };
		0A39B92113E4E96B00D0B638 /* NSDictionary+URLParams.m */ = {isa = PBXFileReference; fileEncoding = 4; lastKnownFileType = sourcecode.c.objc; path = "NSDictionary+URLParams.m"; sourceTree = "<group>"; };
		0A39B92213E4E96B00D0B638 /* NSLock+Blocks.h */ = {isa = PBXFileReference; fileEncoding = 4; lastKnownFileType = sourcecode.c.h; path = "NSLock+Blocks.h"; sourceTree = "<group>"; };
		0A39B92313E4E96B00D0B638 /* NSLock+Blocks.m */ = {isa = PBXFileReference; fileEncoding = 4; lastKnownFileType = sourcecode.c.objc; path = "NSLock+Blocks.m"; sourceTree = "<group>"; };
		0A39B92413E4E96B00D0B638 /* NSObject+Blocks.h */ = {isa = PBXFileReference; fileEncoding = 4; lastKnownFileType = sourcecode.c.h; path = "NSObject+Blocks.h"; sourceTree = "<group>"; };
		0A39B92513E4E96B00D0B638 /* NSObject+Blocks.m */ = {isa = PBXFileReference; fileEncoding = 4; lastKnownFileType = sourcecode.c.objc; path = "NSObject+Blocks.m"; sourceTree = "<group>"; };
		0A39B92613E4E96B00D0B638 /* NSObject+Creation.h */ = {isa = PBXFileReference; fileEncoding = 4; lastKnownFileType = sourcecode.c.h; path = "NSObject+Creation.h"; sourceTree = "<group>"; };
		0A39B92713E4E96B00D0B638 /* NSObject+Creation.m */ = {isa = PBXFileReference; fileEncoding = 4; lastKnownFileType = sourcecode.c.objc; path = "NSObject+Creation.m"; sourceTree = "<group>"; };
		0A39B92813E4E96B00D0B638 /* NSOperationQueue+WorkerQueue.h */ = {isa = PBXFileReference; fileEncoding = 4; lastKnownFileType = sourcecode.c.h; path = "NSOperationQueue+WorkerQueue.h"; sourceTree = "<group>"; };
		0A39B92913E4E96B00D0B638 /* NSOperationQueue+WorkerQueue.m */ = {isa = PBXFileReference; fileEncoding = 4; lastKnownFileType = sourcecode.c.objc; path = "NSOperationQueue+WorkerQueue.m"; sourceTree = "<group>"; };
		0A39B92A13E4E96B00D0B638 /* NSSet+Blocks.h */ = {isa = PBXFileReference; fileEncoding = 4; lastKnownFileType = sourcecode.c.h; path = "NSSet+Blocks.h"; sourceTree = "<group>"; };
		0A39B92B13E4E96B00D0B638 /* NSSet+Blocks.m */ = {isa = PBXFileReference; fileEncoding = 4; lastKnownFileType = sourcecode.c.objc; path = "NSSet+Blocks.m"; sourceTree = "<group>"; };
		0A39B92C13E4E96B00D0B638 /* NSSet+Intersection.h */ = {isa = PBXFileReference; fileEncoding = 4; lastKnownFileType = sourcecode.c.h; path = "NSSet+Intersection.h"; sourceTree = "<group>"; };
		0A39B92D13E4E96B00D0B638 /* NSSet+Intersection.m */ = {isa = PBXFileReference; fileEncoding = 4; lastKnownFileType = sourcecode.c.objc; path = "NSSet+Intersection.m"; sourceTree = "<group>"; };
		0A39B92E13E4E96B00D0B638 /* NSString+URLEncode.h */ = {isa = PBXFileReference; fileEncoding = 4; lastKnownFileType = sourcecode.c.h; path = "NSString+URLEncode.h"; sourceTree = "<group>"; };
		0A39B92F13E4E96B00D0B638 /* NSString+URLEncode.m */ = {isa = PBXFileReference; fileEncoding = 4; lastKnownFileType = sourcecode.c.objc; path = "NSString+URLEncode.m"; sourceTree = "<group>"; };
		0A39B93013E4E96B00D0B638 /* NSURL+Parameters.h */ = {isa = PBXFileReference; fileEncoding = 4; lastKnownFileType = sourcecode.c.h; path = "NSURL+Parameters.h"; sourceTree = "<group>"; };
		0A39B93113E4E96B00D0B638 /* NSURL+Parameters.m */ = {isa = PBXFileReference; fileEncoding = 4; lastKnownFileType = sourcecode.c.objc; path = "NSURL+Parameters.m"; sourceTree = "<group>"; };
		0A39B93313E4E96B00D0B638 /* CustomNavigationBar.h */ = {isa = PBXFileReference; fileEncoding = 4; lastKnownFileType = sourcecode.c.h; path = CustomNavigationBar.h; sourceTree = "<group>"; };
		0A39B93413E4E96B00D0B638 /* CustomNavigationBar.m */ = {isa = PBXFileReference; fileEncoding = 4; lastKnownFileType = sourcecode.c.objc; path = CustomNavigationBar.m; sourceTree = "<group>"; };
		0A39B93513E4E96B00D0B638 /* CustomNavigationController.h */ = {isa = PBXFileReference; fileEncoding = 4; lastKnownFileType = sourcecode.c.h; path = CustomNavigationController.h; sourceTree = "<group>"; };
		0A39B93613E4E96B00D0B638 /* CustomNavigationController.m */ = {isa = PBXFileReference; fileEncoding = 4; lastKnownFileType = sourcecode.c.objc; path = CustomNavigationController.m; sourceTree = "<group>"; };
		0A39B93713E4E96B00D0B638 /* DecoratedView.h */ = {isa = PBXFileReference; fileEncoding = 4; lastKnownFileType = sourcecode.c.h; path = DecoratedView.h; sourceTree = "<group>"; };
		0A39B93813E4E96B00D0B638 /* DecoratedView.m */ = {isa = PBXFileReference; fileEncoding = 4; lastKnownFileType = sourcecode.c.objc; path = DecoratedView.m; sourceTree = "<group>"; };
		0A39B93913E4E96B00D0B638 /* HorizontalFillLayout.h */ = {isa = PBXFileReference; fileEncoding = 4; lastKnownFileType = sourcecode.c.h; path = HorizontalFillLayout.h; sourceTree = "<group>"; };
		0A39B93A13E4E96B00D0B638 /* HorizontalFillLayout.m */ = {isa = PBXFileReference; fileEncoding = 4; lastKnownFileType = sourcecode.c.objc; path = HorizontalFillLayout.m; sourceTree = "<group>"; };
		0A39B93B13E4E96B00D0B638 /* Layout.h */ = {isa = PBXFileReference; fileEncoding = 4; lastKnownFileType = sourcecode.c.h; path = Layout.h; sourceTree = "<group>"; };
		0A39B93C13E4E96B00D0B638 /* LayoutManager.h */ = {isa = PBXFileReference; fileEncoding = 4; lastKnownFileType = sourcecode.c.h; path = LayoutManager.h; sourceTree = "<group>"; };
		0A39B93D13E4E96B00D0B638 /* ManagedLayoutView.h */ = {isa = PBXFileReference; fileEncoding = 4; lastKnownFileType = sourcecode.c.h; path = ManagedLayoutView.h; sourceTree = "<group>"; };
		0A39B93E13E4E96B00D0B638 /* ManagedLayoutView.m */ = {isa = PBXFileReference; fileEncoding = 4; lastKnownFileType = sourcecode.c.objc; path = ManagedLayoutView.m; sourceTree = "<group>"; };
		0A39B93F13E4E96B00D0B638 /* UBAlertView.h */ = {isa = PBXFileReference; fileEncoding = 4; lastKnownFileType = sourcecode.c.h; path = UBAlertView.h; sourceTree = "<group>"; };
		0A39B94013E4E96B00D0B638 /* UBAlertView.m */ = {isa = PBXFileReference; fileEncoding = 4; lastKnownFileType = sourcecode.c.objc; path = UBAlertView.m; sourceTree = "<group>"; };
		0A39B94113E4E96B00D0B638 /* UIApplication+Orientation.h */ = {isa = PBXFileReference; fileEncoding = 4; lastKnownFileType = sourcecode.c.h; path = "UIApplication+Orientation.h"; sourceTree = "<group>"; };
		0A39B94213E4E96B00D0B638 /* UIApplication+Orientation.m */ = {isa = PBXFileReference; fileEncoding = 4; lastKnownFileType = sourcecode.c.objc; path = "UIApplication+Orientation.m"; sourceTree = "<group>"; };
		0A39B94313E4E96B00D0B638 /* UIBarButtonItem+Buttons.h */ = {isa = PBXFileReference; fileEncoding = 4; lastKnownFileType = sourcecode.c.h; path = "UIBarButtonItem+Buttons.h"; sourceTree = "<group>"; };
		0A39B94413E4E96B00D0B638 /* UIBarButtonItem+Buttons.m */ = {isa = PBXFileReference; fileEncoding = 4; lastKnownFileType = sourcecode.c.objc; path = "UIBarButtonItem+Buttons.m"; sourceTree = "<group>"; };
		0A39B94513E4E96B00D0B638 /* UIControl+Blocks.h */ = {isa = PBXFileReference; fileEncoding = 4; lastKnownFileType = sourcecode.c.h; path = "UIControl+Blocks.h"; sourceTree = "<group>"; };
		0A39B94613E4E96B00D0B638 /* UIControl+Blocks.m */ = {isa = PBXFileReference; fileEncoding = 4; lastKnownFileType = sourcecode.c.objc; path = "UIControl+Blocks.m"; sourceTree = "<group>"; };
		0A39B94713E4E96B00D0B638 /* UIGestureRecognizer+Blocks.h */ = {isa = PBXFileReference; fileEncoding = 4; lastKnownFileType = sourcecode.c.h; path = "UIGestureRecognizer+Blocks.h"; sourceTree = "<group>"; };
		0A39B94813E4E96B00D0B638 /* UIGestureRecognizer+Blocks.m */ = {isa = PBXFileReference; fileEncoding = 4; lastKnownFileType = sourcecode.c.objc; path = "UIGestureRecognizer+Blocks.m"; sourceTree = "<group>"; };
		0A39B94913E4E96B00D0B638 /* UIImage+Size.h */ = {isa = PBXFileReference; fileEncoding = 4; lastKnownFileType = sourcecode.c.h; path = "UIImage+Size.h"; sourceTree = "<group>"; };
		0A39B94A13E4E96B00D0B638 /* UIImage+Size.m */ = {isa = PBXFileReference; fileEncoding = 4; lastKnownFileType = sourcecode.c.objc; path = "UIImage+Size.m"; sourceTree = "<group>"; };
		0A39B94B13E4E96B00D0B638 /* UIImage+Tint.h */ = {isa = PBXFileReference; fileEncoding = 4; lastKnownFileType = sourcecode.c.h; path = "UIImage+Tint.h"; sourceTree = "<group>"; };
		0A39B94C13E4E96B00D0B638 /* UIImage+Tint.m */ = {isa = PBXFileReference; fileEncoding = 4; lastKnownFileType = sourcecode.c.objc; path = "UIImage+Tint.m"; sourceTree = "<group>"; };
		0A39B94D13E4E96B00D0B638 /* UIKit+UsefulBits.h */ = {isa = PBXFileReference; fileEncoding = 4; lastKnownFileType = sourcecode.c.h; path = "UIKit+UsefulBits.h"; sourceTree = "<group>"; };
		0A39B94E13E4E96B00D0B638 /* UINavigationBar+Background.h */ = {isa = PBXFileReference; fileEncoding = 4; lastKnownFileType = sourcecode.c.h; path = "UINavigationBar+Background.h"; sourceTree = "<group>"; };
		0A39B94F13E4E96B00D0B638 /* UINavigationBar+Background.m */ = {isa = PBXFileReference; fileEncoding = 4; lastKnownFileType = sourcecode.c.objc; path = "UINavigationBar+Background.m"; sourceTree = "<group>"; };
		0A39B95013E4E96B00D0B638 /* UIView+Actions.h */ = {isa = PBXFileReference; fileEncoding = 4; lastKnownFileType = sourcecode.c.h; path = "UIView+Actions.h"; sourceTree = "<group>"; };
		0A39B95113E4E96B00D0B638 /* UIView+Actions.m */ = {isa = PBXFileReference; fileEncoding = 4; lastKnownFileType = sourcecode.c.objc; path = "UIView+Actions.m"; sourceTree = "<group>"; };
		0A39B95213E4E96B00D0B638 /* UIView+Decorators.h */ = {isa = PBXFileReference; fileEncoding = 4; lastKnownFileType = sourcecode.c.h; path = "UIView+Decorators.h"; sourceTree = "<group>"; };
		0A39B95313E4E96B00D0B638 /* UIView+Decorators.m */ = {isa = PBXFileReference; fileEncoding = 4; lastKnownFileType = sourcecode.c.objc; path = "UIView+Decorators.m"; sourceTree = "<group>"; };
		0A39B95413E4E96B00D0B638 /* UIView+Hierarchy.h */ = {isa = PBXFileReference; fileEncoding = 4; lastKnownFileType = sourcecode.c.h; path = "UIView+Hierarchy.h"; sourceTree = "<group>"; };
		0A39B95513E4E96B00D0B638 /* UIView+Hierarchy.m */ = {isa = PBXFileReference; fileEncoding = 4; lastKnownFileType = sourcecode.c.objc; path = "UIView+Hierarchy.m"; sourceTree = "<group>"; };
		0A39B95613E4E96B00D0B638 /* UIView+Positioning.h */ = {isa = PBXFileReference; fileEncoding = 4; lastKnownFileType = sourcecode.c.h; path = "UIView+Positioning.h"; sourceTree = "<group>"; };
		0A39B95713E4E96B00D0B638 /* UIView+Positioning.m */ = {isa = PBXFileReference; fileEncoding = 4; lastKnownFileType = sourcecode.c.objc; path = "UIView+Positioning.m"; sourceTree = "<group>"; };
		0A39B95813E4E96B00D0B638 /* UIView+Size.h */ = {isa = PBXFileReference; fileEncoding = 4; lastKnownFileType = sourcecode.c.h; path = "UIView+Size.h"; sourceTree = "<group>"; };
		0A39B95913E4E96B00D0B638 /* UIView+Size.m */ = {isa = PBXFileReference; fileEncoding = 4; lastKnownFileType = sourcecode.c.objc; path = "UIView+Size.m"; sourceTree = "<group>"; };
		0A39B95A13E4E96B00D0B638 /* ViewDecorators.h */ = {isa = PBXFileReference; fileEncoding = 4; lastKnownFileType = sourcecode.c.h; path = ViewDecorators.h; sourceTree = "<group>"; };
		0A39B95B13E4E96B00D0B638 /* ViewDecorators.m */ = {isa = PBXFileReference; fileEncoding = 4; lastKnownFileType = sourcecode.c.objc; path = ViewDecorators.m; sourceTree = "<group>"; };
		0A39B95C13E4E96B00D0B638 /* UsefulBits.h */ = {isa = PBXFileReference; fileEncoding = 4; lastKnownFileType = sourcecode.c.h; path = UsefulBits.h; sourceTree = "<group>"; };
		0A39B99F13E4EA4A00D0B638 /* UIKit.framework */ = {isa = PBXFileReference; lastKnownFileType = wrapper.framework; name = UIKit.framework; path = System/Library/Frameworks/UIKit.framework; sourceTree = SDKROOT; };
		0A7B0BC4147F7CE1002A32AF /* NSDictionary+Blocks.h */ = {isa = PBXFileReference; fileEncoding = 4; lastKnownFileType = sourcecode.c.h; path = "NSDictionary+Blocks.h"; sourceTree = "<group>"; };
		0A7B0BC5147F7CE1002A32AF /* NSDictionary+Blocks.m */ = {isa = PBXFileReference; fileEncoding = 4; lastKnownFileType = sourcecode.c.objc; path = "NSDictionary+Blocks.m"; sourceTree = "<group>"; };
		0A9849B41414F77000F85D79 /* ColumnLayout.h */ = {isa = PBXFileReference; fileEncoding = 4; lastKnownFileType = sourcecode.c.h; path = ColumnLayout.h; sourceTree = "<group>"; };
		0A9849B51414F77000F85D79 /* ColumnLayout.m */ = {isa = PBXFileReference; fileEncoding = 4; lastKnownFileType = sourcecode.c.objc; path = ColumnLayout.m; sourceTree = "<group>"; };
		0AA1AA0113E9F65400A3D5A7 /* UsefulQuartzFunctions.h */ = {isa = PBXFileReference; fileEncoding = 4; lastKnownFileType = sourcecode.c.h; path = UsefulQuartzFunctions.h; sourceTree = "<group>"; };
		0AA1AA0213E9F65400A3D5A7 /* UsefulQuartzFunctions.m */ = {isa = PBXFileReference; fileEncoding = 4; lastKnownFileType = sourcecode.c.objc; path = UsefulQuartzFunctions.m; sourceTree = "<group>"; };
		0AA1AA0513E9F69C00A3D5A7 /* Quartz+UsefulBits.h */ = {isa = PBXFileReference; fileEncoding = 4; lastKnownFileType = sourcecode.c.h; path = "Quartz+UsefulBits.h"; sourceTree = "<group>"; };
		0AAF05E413E4F5D800FD753A /* UBMacros.h */ = {isa = PBXFileReference; fileEncoding = 4; lastKnownFileType = sourcecode.c.h; path = UBMacros.h; sourceTree = "<group>"; };
		0AB5CD301570CAA000D4A1E8 /* UIColor+Luminosity.h */ = {isa = PBXFileReference; fileEncoding = 4; lastKnownFileType = sourcecode.c.h; path = "UIColor+Luminosity.h"; sourceTree = "<group>"; };
		0AB5CD311570CAA000D4A1E8 /* UIColor+Luminosity.m */ = {isa = PBXFileReference; fileEncoding = 4; lastKnownFileType = sourcecode.c.objc; path = "UIColor+Luminosity.m"; sourceTree = "<group>"; };
		0AC777AF154AABF90074331C /* UIView+Skin.h */ = {isa = PBXFileReference; fileEncoding = 4; lastKnownFileType = sourcecode.c.h; path = "UIView+Skin.h"; sourceTree = "<group>"; };
		0AC777B0154AABF90074331C /* UIView+Skin.m */ = {isa = PBXFileReference; fileEncoding = 4; lastKnownFileType = sourcecode.c.objc; path = "UIView+Skin.m"; sourceTree = "<group>"; };
		0AC777B6154AACA30074331C /* UILabel+Skin.m */ = {isa = PBXFileReference; fileEncoding = 4; lastKnownFileType = sourcecode.c.objc; path = "UILabel+Skin.m"; sourceTree = "<group>"; };
		0AE0165114A323330061F9F0 /* UIWebView+Blocks.h */ = {isa = PBXFileReference; fileEncoding = 4; lastKnownFileType = sourcecode.c.h; path = "UIWebView+Blocks.h"; sourceTree = "<group>"; };
		0AE0165214A323330061F9F0 /* UIWebView+Blocks.m */ = {isa = PBXFileReference; fileEncoding = 4; lastKnownFileType = sourcecode.c.objc; path = "UIWebView+Blocks.m"; sourceTree = "<group>"; };
		0AE3E07C149205C200C45DC9 /* UIColor+Hex.h */ = {isa = PBXFileReference; fileEncoding = 4; lastKnownFileType = sourcecode.c.h; path = "UIColor+Hex.h"; sourceTree = "<group>"; };
		0AE3E07D149205C200C45DC9 /* UIColor+Hex.m */ = {isa = PBXFileReference; fileEncoding = 4; lastKnownFileType = sourcecode.c.objc; path = "UIColor+Hex.m"; sourceTree = "<group>"; };
		0AE3E0811492083100C45DC9 /* NSNumber+Hex.h */ = {isa = PBXFileReference; fileEncoding = 4; lastKnownFileType = sourcecode.c.h; path = "NSNumber+Hex.h"; sourceTree = "<group>"; };
		0AE3E0821492083100C45DC9 /* NSNumber+Hex.m */ = {isa = PBXFileReference; fileEncoding = 4; lastKnownFileType = sourcecode.c.objc; path = "NSNumber+Hex.m"; sourceTree = "<group>"; };
		0AE9E44714920EA8006D8985 /* Skin.h */ = {isa = PBXFileReference; fileEncoding = 4; lastKnownFileType = sourcecode.c.h; path = Skin.h; sourceTree = "<group>"; };
		0AE9E44814920EA8006D8985 /* Skin.m */ = {isa = PBXFileReference; fileEncoding = 4; lastKnownFileType = sourcecode.c.objc; path = Skin.m; sourceTree = "<group>"; };
		0AE9E4501492E829006D8985 /* NSDictionary+Intersection.h */ = {isa = PBXFileReference; fileEncoding = 4; lastKnownFileType = sourcecode.c.h; path = "NSDictionary+Intersection.h"; sourceTree = "<group>"; };
		0AE9E4511492E829006D8985 /* NSDictionary+Intersection.m */ = {isa = PBXFileReference; fileEncoding = 4; lastKnownFileType = sourcecode.c.objc; path = "NSDictionary+Intersection.m"; sourceTree = "<group>"; };
		0AEA933D14DE609200235D65 /* UBFoundationFunctions.h */ = {isa = PBXFileReference; fileEncoding = 4; lastKnownFileType = sourcecode.c.h; path = UBFoundationFunctions.h; sourceTree = "<group>"; };
		0AEA933E14DE609200235D65 /* UBFoundationFunctions.m */ = {isa = PBXFileReference; fileEncoding = 4; lastKnownFileType = sourcecode.c.objc; path = UBFoundationFunctions.m; sourceTree = "<group>"; };
		0AF3ADFA141364FE00E6C6C1 /* NSArray+Zip.h */ = {isa = PBXFileReference; fileEncoding = 4; lastKnownFileType = sourcecode.c.h; path = "NSArray+Zip.h"; sourceTree = "<group>"; };
		0AF3ADFB141364FE00E6C6C1 /* NSArray+Zip.m */ = {isa = PBXFileReference; fileEncoding = 4; lastKnownFileType = sourcecode.c.objc; path = "NSArray+Zip.m"; sourceTree = "<group>"; };
		A320F20A16F6C5DB0026BE1C /* HorizontalStackLayout.h */ = {isa = PBXFileReference; fileEncoding = 4; lastKnownFileType = sourcecode.c.h; path = HorizontalStackLayout.h; sourceTree = "<group>"; };
		A320F20B16F6C5DB0026BE1C /* HorizontalStackLayout.m */ = {isa = PBXFileReference; fileEncoding = 4; lastKnownFileType = sourcecode.c.objc; path = HorizontalStackLayout.m; sourceTree = "<group>"; };
		A331737F18D016D800F169A4 /* UIApplication+ActivityIndicatorManagement.h */ = {isa = PBXFileReference; fileEncoding = 4; lastKnownFileType = sourcecode.c.h; path = "UIApplication+ActivityIndicatorManagement.h"; sourceTree = "<group>"; };
		A331738018D016D800F169A4 /* UIApplication+ActivityIndicatorManagement.m */ = {isa = PBXFileReference; fileEncoding = 4; lastKnownFileType = sourcecode.c.objc; path = "UIApplication+ActivityIndicatorManagement.m"; sourceTree = "<group>"; };
		AA1044B3166D5D2F00F91D44 /* UIButton+Buttons.h */ = {isa = PBXFileReference; fileEncoding = 4; lastKnownFileType = sourcecode.c.h; path = "UIButton+Buttons.h"; sourceTree = "<group>"; };
		AA1044B4166D5D2F00F91D44 /* UIButton+Buttons.m */ = {isa = PBXFileReference; fileEncoding = 4; lastKnownFileType = sourcecode.c.objc; path = "UIButton+Buttons.m"; sourceTree = "<group>"; };
/* End PBXFileReference section */

/* Begin PBXFrameworksBuildPhase section */
		0A39B90113E4E81100D0B638 /* Frameworks */ = {
			isa = PBXFrameworksBuildPhase;
			buildActionMask = 2147483647;
			files = (
				0A253FAA14AD4E67003ABC71 /* QuartzCore.framework in Frameworks */,
				0A253FA814AD4E47003ABC71 /* Security.framework in Frameworks */,
				0A39B9A013E4EA4A00D0B638 /* UIKit.framework in Frameworks */,
				0A39B90A13E4E81100D0B638 /* Foundation.framework in Frameworks */,
			);
			runOnlyForDeploymentPostprocessing = 0;
		};
/* End PBXFrameworksBuildPhase section */

/* Begin PBXGroup section */
		0A0158E51414D8E00039B4D4 /* Layouts */ = {
			isa = PBXGroup;
			children = (
				0A39B93913E4E96B00D0B638 /* HorizontalFillLayout.h */,
				0A39B93A13E4E96B00D0B638 /* HorizontalFillLayout.m */,
				0A0158E61414D9560039B4D4 /* VerticalStackLayout.h */,
				0A0158E71414D9560039B4D4 /* VerticalStackLayout.m */,
				A320F20A16F6C5DB0026BE1C /* HorizontalStackLayout.h */,
				A320F20B16F6C5DB0026BE1C /* HorizontalStackLayout.m */,
				0A9849B41414F77000F85D79 /* ColumnLayout.h */,
				0A9849B51414F77000F85D79 /* ColumnLayout.m */,
			);
			name = Layouts;
			sourceTree = "<group>";
		};
		0A253F9914AD3CA5003ABC71 /* Security */ = {
			isa = PBXGroup;
			children = (
				0A253F9F14AD4B8C003ABC71 /* PasswordManager.h */,
				0A253FA014AD4B8C003ABC71 /* PasswordManager.m */,
				0A253FA314AD4C0A003ABC71 /* NSMutableDictionary+PasswordManager.h */,
				0A253FA414AD4C0A003ABC71 /* NSMutableDictionary+PasswordManager.m */,
			);
			path = Security;
			sourceTree = "<group>";
		};
		0A39B8F813E4E81100D0B638 = {
			isa = PBXGroup;
			children = (
				0A39B90B13E4E81100D0B638 /* UsefulBits */,
				0A39B90813E4E81100D0B638 /* Frameworks */,
				0A39B90713E4E81100D0B638 /* Products */,
			);
			sourceTree = "<group>";
		};
		0A39B90713E4E81100D0B638 /* Products */ = {
			isa = PBXGroup;
			children = (
				0A39B90613E4E81100D0B638 /* UsefulBits.framework */,
			);
			name = Products;
			sourceTree = "<group>";
		};
		0A39B90813E4E81100D0B638 /* Frameworks */ = {
			isa = PBXGroup;
			children = (
				0A253FA914AD4E67003ABC71 /* QuartzCore.framework */,
				0A253FA714AD4E47003ABC71 /* Security.framework */,
				0A39B99F13E4EA4A00D0B638 /* UIKit.framework */,
				0A39B90913E4E81100D0B638 /* Foundation.framework */,
			);
			name = Frameworks;
			sourceTree = "<group>";
		};
		0A39B90B13E4E81100D0B638 /* UsefulBits */ = {
			isa = PBXGroup;
			children = (
				0A39B95C13E4E96B00D0B638 /* UsefulBits.h */,
				0A39B91A13E4E96B00D0B638 /* Foundation */,
				0A39B93213E4E96B00D0B638 /* UIKit */,
				0AA1AA0013E9F51000A3D5A7 /* Quartz */,
				0A253F9914AD3CA5003ABC71 /* Security */,
				0A39B90C13E4E81100D0B638 /* Supporting Files */,
			);
			path = UsefulBits;
			sourceTree = "<group>";
		};
		0A39B90C13E4E81100D0B638 /* Supporting Files */ = {
			isa = PBXGroup;
			children = (
				0A39B90D13E4E81100D0B638 /* UsefulBits-Info.plist */,
				0A39B90E13E4E81100D0B638 /* InfoPlist.strings */,
				0A39B91113E4E81100D0B638 /* UsefulBits-Prefix.pch */,
			);
			name = "Supporting Files";
			sourceTree = "<group>";
		};
		0A39B91A13E4E96B00D0B638 /* Foundation */ = {
			isa = PBXGroup;
			children = (
				0A39B91B13E4E96B00D0B638 /* Foundation+UsefulBits.h */,
				0AEA933D14DE609200235D65 /* UBFoundationFunctions.h */,
				0AEA933E14DE609200235D65 /* UBFoundationFunctions.m */,
				0AAF05E413E4F5D800FD753A /* UBMacros.h */,
				0A39B91C13E4E96B00D0B638 /* NSArray+Access.h */,
				0A39B91D13E4E96B00D0B638 /* NSArray+Access.m */,
				0A39B91E13E4E96B00D0B638 /* NSArray+Blocks.h */,
				0A39B91F13E4E96B00D0B638 /* NSArray+Blocks.m */,
				0A39B92013E4E96B00D0B638 /* NSDictionary+URLParams.h */,
				0A39B92113E4E96B00D0B638 /* NSDictionary+URLParams.m */,
				0A39B92213E4E96B00D0B638 /* NSLock+Blocks.h */,
				0A39B92313E4E96B00D0B638 /* NSLock+Blocks.m */,
				0A39B92413E4E96B00D0B638 /* NSObject+Blocks.h */,
				0A39B92513E4E96B00D0B638 /* NSObject+Blocks.m */,
				0A39B92613E4E96B00D0B638 /* NSObject+Creation.h */,
				0A39B92713E4E96B00D0B638 /* NSObject+Creation.m */,
				0A39B92813E4E96B00D0B638 /* NSOperationQueue+WorkerQueue.h */,
				0A39B92913E4E96B00D0B638 /* NSOperationQueue+WorkerQueue.m */,
				0A39B92A13E4E96B00D0B638 /* NSSet+Blocks.h */,
				0A39B92B13E4E96B00D0B638 /* NSSet+Blocks.m */,
				0A39B92C13E4E96B00D0B638 /* NSSet+Intersection.h */,
				0A39B92D13E4E96B00D0B638 /* NSSet+Intersection.m */,
				0A39B92E13E4E96B00D0B638 /* NSString+URLEncode.h */,
				0A39B92F13E4E96B00D0B638 /* NSString+URLEncode.m */,
				0A39B93013E4E96B00D0B638 /* NSURL+Parameters.h */,
				0A39B93113E4E96B00D0B638 /* NSURL+Parameters.m */,
				0A352A8013E6103A008D4A82 /* NSObject+Marker.h */,
				0A352A8113E6103A008D4A82 /* NSObject+Marker.m */,
				0AF3ADFA141364FE00E6C6C1 /* NSArray+Zip.h */,
				0AF3ADFB141364FE00E6C6C1 /* NSArray+Zip.m */,
				0A265A18146CAEB500C8A317 /* NSDictionary+Types.h */,
				0A265A19146CAEB500C8A317 /* NSDictionary+Types.m */,
				0A7B0BC4147F7CE1002A32AF /* NSDictionary+Blocks.h */,
				0A7B0BC5147F7CE1002A32AF /* NSDictionary+Blocks.m */,
				0AE3E0811492083100C45DC9 /* NSNumber+Hex.h */,
				0AE3E0821492083100C45DC9 /* NSNumber+Hex.m */,
				0AE9E4501492E829006D8985 /* NSDictionary+Intersection.h */,
				0AE9E4511492E829006D8985 /* NSDictionary+Intersection.m */,
				0A253F7014AC1863003ABC71 /* NSMutableDictionary+ConditionalSet.h */,
				0A253F7114AC1863003ABC71 /* NSMutableDictionary+ConditionalSet.m */,
				0A1B719614D76E0900247F46 /* Stack.h */,
				0A1B719714D76E0900247F46 /* Stack.m */,
			);
			path = Foundation;
			sourceTree = "<group>";
		};
		0A39B93213E4E96B00D0B638 /* UIKit */ = {
			isa = PBXGroup;
			children = (
				0AC777B4154AAC6C0074331C /* Skin */,
				0A39B94D13E4E96B00D0B638 /* UIKit+UsefulBits.h */,
				0AB5CD301570CAA000D4A1E8 /* UIColor+Luminosity.h */,
				0AB5CD311570CAA000D4A1E8 /* UIColor+Luminosity.m */,
				0A39B93313E4E96B00D0B638 /* CustomNavigationBar.h */,
				0A39B93413E4E96B00D0B638 /* CustomNavigationBar.m */,
				0A39B93513E4E96B00D0B638 /* CustomNavigationController.h */,
				0A39B93613E4E96B00D0B638 /* CustomNavigationController.m */,
				0A39B93713E4E96B00D0B638 /* DecoratedView.h */,
				0A39B93813E4E96B00D0B638 /* DecoratedView.m */,
				0A39B93B13E4E96B00D0B638 /* Layout.h */,
				0A39B93C13E4E96B00D0B638 /* LayoutManager.h */,
				0A0158E51414D8E00039B4D4 /* Layouts */,
				0A39B93D13E4E96B00D0B638 /* ManagedLayoutView.h */,
				0A39B93E13E4E96B00D0B638 /* ManagedLayoutView.m */,
				0A39B93F13E4E96B00D0B638 /* UBAlertView.h */,
				0A39B94013E4E96B00D0B638 /* UBAlertView.m */,
				0A39B94113E4E96B00D0B638 /* UIApplication+Orientation.h */,
				0A39B94213E4E96B00D0B638 /* UIApplication+Orientation.m */,
				AA1044B3166D5D2F00F91D44 /* UIButton+Buttons.h */,
				AA1044B4166D5D2F00F91D44 /* UIButton+Buttons.m */,
				0A39B94313E4E96B00D0B638 /* UIBarButtonItem+Buttons.h */,
				0A39B94413E4E96B00D0B638 /* UIBarButtonItem+Buttons.m */,
				0A39B94513E4E96B00D0B638 /* UIControl+Blocks.h */,
				0A39B94613E4E96B00D0B638 /* UIControl+Blocks.m */,
				0A39B94713E4E96B00D0B638 /* UIGestureRecognizer+Blocks.h */,
				0A39B94813E4E96B00D0B638 /* UIGestureRecognizer+Blocks.m */,
				0A39B94913E4E96B00D0B638 /* UIImage+Size.h */,
				0A39B94A13E4E96B00D0B638 /* UIImage+Size.m */,
				0A39B94B13E4E96B00D0B638 /* UIImage+Tint.h */,
				0A39B94C13E4E96B00D0B638 /* UIImage+Tint.m */,
				0A39B94E13E4E96B00D0B638 /* UINavigationBar+Background.h */,
				0A39B94F13E4E96B00D0B638 /* UINavigationBar+Background.m */,
				0A39B95013E4E96B00D0B638 /* UIView+Actions.h */,
				0A39B95113E4E96B00D0B638 /* UIView+Actions.m */,
				0A39B95213E4E96B00D0B638 /* UIView+Decorators.h */,
				0A39B95313E4E96B00D0B638 /* UIView+Decorators.m */,
				0A39B95413E4E96B00D0B638 /* UIView+Hierarchy.h */,
				0A39B95513E4E96B00D0B638 /* UIView+Hierarchy.m */,
				0A39B95613E4E96B00D0B638 /* UIView+Positioning.h */,
				0A39B95713E4E96B00D0B638 /* UIView+Positioning.m */,
				0A39B95813E4E96B00D0B638 /* UIView+Size.h */,
				0A39B95913E4E96B00D0B638 /* UIView+Size.m */,
				0A39B95A13E4E96B00D0B638 /* ViewDecorators.h */,
				0A39B95B13E4E96B00D0B638 /* ViewDecorators.m */,
				0AE3E07C149205C200C45DC9 /* UIColor+Hex.h */,
				0AE3E07D149205C200C45DC9 /* UIColor+Hex.m */,
				0AE0165114A323330061F9F0 /* UIWebView+Blocks.h */,
				0AE0165214A323330061F9F0 /* UIWebView+Blocks.m */,
				A331737F18D016D800F169A4 /* UIApplication+ActivityIndicatorManagement.h */,
				A331738018D016D800F169A4 /* UIApplication+ActivityIndicatorManagement.m */,
			);
			path = UIKit;
			sourceTree = "<group>";
		};
		0AA1AA0013E9F51000A3D5A7 /* Quartz */ = {
			isa = PBXGroup;
			children = (
				0AA1AA0113E9F65400A3D5A7 /* UsefulQuartzFunctions.h */,
				0AA1AA0213E9F65400A3D5A7 /* UsefulQuartzFunctions.m */,
				0AA1AA0513E9F69C00A3D5A7 /* Quartz+UsefulBits.h */,
			);
			path = Quartz;
			sourceTree = "<group>";
		};
		0AC777B4154AAC6C0074331C /* Skin */ = {
			isa = PBXGroup;
			children = (
				0AE9E44714920EA8006D8985 /* Skin.h */,
				0AE9E44814920EA8006D8985 /* Skin.m */,
				0AC777AF154AABF90074331C /* UIView+Skin.h */,
				0AC777B0154AABF90074331C /* UIView+Skin.m */,
				0AC777B6154AACA30074331C /* UILabel+Skin.m */,
			);
			name = Skin;
			sourceTree = "<group>";
		};
/* End PBXGroup section */

/* Begin PBXHeadersBuildPhase section */
		0A39B90213E4E81100D0B638 /* Headers */ = {
			isa = PBXHeadersBuildPhase;
			buildActionMask = 2147483647;
			files = (
				0A39B95D13E4E96B00D0B638 /* Foundation+UsefulBits.h in Headers */,
				0A39B95E13E4E96B00D0B638 /* NSArray+Access.h in Headers */,
				0A39B96013E4E96B00D0B638 /* NSArray+Blocks.h in Headers */,
				0A39B96213E4E96B00D0B638 /* NSDictionary+URLParams.h in Headers */,
				0A39B96413E4E96B00D0B638 /* NSLock+Blocks.h in Headers */,
				0A39B96613E4E96B00D0B638 /* NSObject+Blocks.h in Headers */,
				0A39B96813E4E96B00D0B638 /* NSObject+Creation.h in Headers */,
				0A39B96A13E4E96B00D0B638 /* NSOperationQueue+WorkerQueue.h in Headers */,
				0A39B96C13E4E96B00D0B638 /* NSSet+Blocks.h in Headers */,
				0A39B96E13E4E96B00D0B638 /* NSSet+Intersection.h in Headers */,
				0A39B97013E4E96B00D0B638 /* NSString+URLEncode.h in Headers */,
				0A39B97213E4E96B00D0B638 /* NSURL+Parameters.h in Headers */,
				0A39B97413E4E96B00D0B638 /* CustomNavigationBar.h in Headers */,
				0A39B97613E4E96B00D0B638 /* CustomNavigationController.h in Headers */,
				0A39B97813E4E96B00D0B638 /* DecoratedView.h in Headers */,
				0A39B97A13E4E96B00D0B638 /* HorizontalFillLayout.h in Headers */,
				0A39B97C13E4E96B00D0B638 /* Layout.h in Headers */,
				0A39B97D13E4E96B00D0B638 /* LayoutManager.h in Headers */,
				0A39B97E13E4E96B00D0B638 /* ManagedLayoutView.h in Headers */,
				0A39B98013E4E96B00D0B638 /* UBAlertView.h in Headers */,
				0A39B98213E4E96B00D0B638 /* UIApplication+Orientation.h in Headers */,
				0A39B98413E4E96B00D0B638 /* UIBarButtonItem+Buttons.h in Headers */,
				0A39B98613E4E96B00D0B638 /* UIControl+Blocks.h in Headers */,
				0A39B98813E4E96B00D0B638 /* UIGestureRecognizer+Blocks.h in Headers */,
				0A39B98A13E4E96B00D0B638 /* UIImage+Size.h in Headers */,
				0A39B98C13E4E96B00D0B638 /* UIImage+Tint.h in Headers */,
				0A39B98E13E4E96B00D0B638 /* UIKit+UsefulBits.h in Headers */,
				0A39B98F13E4E96B00D0B638 /* UINavigationBar+Background.h in Headers */,
				0A39B99113E4E96B00D0B638 /* UIView+Actions.h in Headers */,
				0A39B99313E4E96B00D0B638 /* UIView+Decorators.h in Headers */,
				0A39B99513E4E96B00D0B638 /* UIView+Hierarchy.h in Headers */,
				0A39B99713E4E96B00D0B638 /* UIView+Positioning.h in Headers */,
				0A39B99913E4E96B00D0B638 /* UIView+Size.h in Headers */,
				0A39B99B13E4E96B00D0B638 /* ViewDecorators.h in Headers */,
				0A39B99D13E4E96B00D0B638 /* UsefulBits.h in Headers */,
				0AAF05E513E4F5D800FD753A /* UBMacros.h in Headers */,
				0A352A8213E6103A008D4A82 /* NSObject+Marker.h in Headers */,
				0AA1AA0313E9F65400A3D5A7 /* UsefulQuartzFunctions.h in Headers */,
				0AA1AA0613E9F69C00A3D5A7 /* Quartz+UsefulBits.h in Headers */,
				0AF3ADFC141364FF00E6C6C1 /* NSArray+Zip.h in Headers */,
				0A0158E81414D9560039B4D4 /* VerticalStackLayout.h in Headers */,
				0A9849B61414F77000F85D79 /* ColumnLayout.h in Headers */,
				0A265A1A146CAEB500C8A317 /* NSDictionary+Types.h in Headers */,
				0A7B0BC6147F7CE1002A32AF /* NSDictionary+Blocks.h in Headers */,
				0AE3E07E149205C200C45DC9 /* UIColor+Hex.h in Headers */,
				0AE3E0831492083100C45DC9 /* NSNumber+Hex.h in Headers */,
				0AE9E44914920EA8006D8985 /* Skin.h in Headers */,
				0AE9E4521492E829006D8985 /* NSDictionary+Intersection.h in Headers */,
				0AE0165314A323330061F9F0 /* UIWebView+Blocks.h in Headers */,
				0A253F7214AC1863003ABC71 /* NSMutableDictionary+ConditionalSet.h in Headers */,
				0A253FA114AD4B8C003ABC71 /* PasswordManager.h in Headers */,
				0A253FA514AD4C0A003ABC71 /* NSMutableDictionary+PasswordManager.h in Headers */,
				0A1B719814D76E0900247F46 /* Stack.h in Headers */,
				0AEA933F14DE609200235D65 /* UBFoundationFunctions.h in Headers */,
				A331738118D016D800F169A4 /* UIApplication+ActivityIndicatorManagement.h in Headers */,
				0AC777B1154AABF90074331C /* UIView+Skin.h in Headers */,
				0AB5CD321570CAA000D4A1E8 /* UIColor+Luminosity.h in Headers */,
				AA1044B5166D5D2F00F91D44 /* UIButton+Buttons.h in Headers */,
				A320F20C16F6C5DB0026BE1C /* HorizontalStackLayout.h in Headers */,
			);
			runOnlyForDeploymentPostprocessing = 0;
		};
/* End PBXHeadersBuildPhase section */

/* Begin PBXNativeTarget section */
		0A39B90513E4E81100D0B638 /* UsefulBits */ = {
			isa = PBXNativeTarget;
			buildConfigurationList = 0A39B91413E4E81100D0B638 /* Build configuration list for PBXNativeTarget "UsefulBits" */;
			buildPhases = (
				0A39B8FF13E4E81100D0B638 /* ShellScript */,
				0A39B90013E4E81100D0B638 /* Sources */,
				0A39B90113E4E81100D0B638 /* Frameworks */,
				0A39B90213E4E81100D0B638 /* Headers */,
				0A39B90313E4E81100D0B638 /* Resources */,
				0A39B90413E4E81100D0B638 /* ShellScript */,
			);
			buildRules = (
			);
			dependencies = (
			);
			name = UsefulBits;
			productName = UsefulBits;
			productReference = 0A39B90613E4E81100D0B638 /* UsefulBits.framework */;
			productType = "com.apple.product-type.framework.static";
		};
/* End PBXNativeTarget section */

/* Begin PBXProject section */
		0A39B8FA13E4E81100D0B638 /* Project object */ = {
			isa = PBXProject;
			attributes = {
				LastUpgradeCheck = 0450;
			};
			buildConfigurationList = 0A39B8FD13E4E81100D0B638 /* Build configuration list for PBXProject "UsefulBits" */;
			compatibilityVersion = "Xcode 3.2";
			developmentRegion = English;
			hasScannedForEncodings = 0;
			knownRegions = (
				en,
			);
			mainGroup = 0A39B8F813E4E81100D0B638;
			productRefGroup = 0A39B90713E4E81100D0B638 /* Products */;
			projectDirPath = "";
			projectRoot = "";
			targets = (
				0A39B90513E4E81100D0B638 /* UsefulBits */,
			);
		};
/* End PBXProject section */

/* Begin PBXResourcesBuildPhase section */
		0A39B90313E4E81100D0B638 /* Resources */ = {
			isa = PBXResourcesBuildPhase;
			buildActionMask = 2147483647;
			files = (
				0A39B91013E4E81100D0B638 /* InfoPlist.strings in Resources */,
			);
			runOnlyForDeploymentPostprocessing = 0;
		};
/* End PBXResourcesBuildPhase section */

/* Begin PBXShellScriptBuildPhase section */
		0A39B8FF13E4E81100D0B638 /* ShellScript */ = {
			isa = PBXShellScriptBuildPhase;
			buildActionMask = 2147483647;
			files = (
			);
			inputPaths = (
			);
			outputPaths = (
			);
			runOnlyForDeploymentPostprocessing = 0;
			shellPath = /bin/sh;
			shellScript = "set -e\n\nset +u\nif [[ $UFW_MASTER_SCRIPT_RUNNING ]]\nthen\n    # Nothing for the slave script to do\n    exit 0\nfi\nset -u\n\nif [[ \"$SDK_NAME\" =~ ([A-Za-z]+) ]]\nthen\n    UFW_SDK_PLATFORM=${BASH_REMATCH[1]}\nelse\n    echo \"Could not find platform name from SDK_NAME: $SDK_NAME\"\n    exit 1\nfi\n\nif [[ \"$SDK_NAME\" =~ ([0-9]+.*$) ]]\nthen\n\tUFW_SDK_VERSION=${BASH_REMATCH[1]}\nelse\n    echo \"Could not find sdk version  from SDK_NAME: $SDK_NAME\"\n    exit 1\nfi\n\nif [[ \"$UFW_SDK_PLATFORM\" = \"iphoneos\" ]]\nthen\n    UFW_OTHER_PLATFORM=iphonesimulator\nelse\n    UFW_OTHER_PLATFORM=iphoneos\nfi\n\nif [[ \"$BUILT_PRODUCTS_DIR\" =~ (.*)$UFW_SDK_PLATFORM$ ]]\nthen\n    UFW_OTHER_BUILT_PRODUCTS_DIR=\"${BASH_REMATCH[1]}${UFW_OTHER_PLATFORM}\"\nelse\n    echo \"Could not find $UFW_SDK_PLATFORM in $BUILT_PRODUCTS_DIR\"\n    exit 1\nfi\n\n\n# Short-circuit if all binaries are up to date\n\nif [[ -f \"${BUILT_PRODUCTS_DIR}/${EXECUTABLE_PATH}\" ]] && \\\n   [[ -f \"${BUILT_PRODUCTS_DIR}/${PRODUCT_NAME}.embeddedframework/${EXECUTABLE_PATH}\" ]] && \\\n   [[ ! \"${BUILT_PRODUCTS_DIR}/${EXECUTABLE_PATH}\" -nt \"${BUILT_PRODUCTS_DIR}/${PRODUCT_NAME}.embeddedframework/${EXECUTABLE_PATH}\" ]]\n   [[ -f \"${UFW_OTHER_BUILT_PRODUCTS_DIR}/${EXECUTABLE_PATH}\" ]] && \\\n   [[ -f \"${UFW_OTHER_BUILT_PRODUCTS_DIR}/${PRODUCT_NAME}.embeddedframework/${EXECUTABLE_PATH}\" ]] && \\\n   [[ ! \"${UFW_OTHER_BUILT_PRODUCTS_DIR}/${EXECUTABLE_PATH}\" -nt \"${UFW_OTHER_BUILT_PRODUCTS_DIR}/${PRODUCT_NAME}.embeddedframework/${EXECUTABLE_PATH}\" ]]\nthen\n    exit 0\nfi\n\n\n# Clean other platform if needed\n\nif [[ ! -f \"${BUILT_PRODUCTS_DIR}/${EXECUTABLE_PATH}\" ]]\nthen\n\techo \"Platform \\\"$UFW_SDK_PLATFORM\\\" was cleaned recently. Cleaning \\\"$UFW_OTHER_PLATFORM\\\" as well\"\n\techo xcodebuild -project \"${PROJECT_FILE_PATH}\" -target \"${TARGET_NAME}\" -configuration \"${CONFIGURATION}\" -sdk ${UFW_OTHER_PLATFORM}${UFW_SDK_VERSION} BUILD_DIR=\"${BUILD_DIR}\" CONFIGURATION_TEMP_DIR=\"${PROJECT_TEMP_DIR}/${CONFIGURATION}-${UFW_OTHER_PLATFORM}\" clean\n\txcodebuild -project \"${PROJECT_FILE_PATH}\" -target \"${TARGET_NAME}\" -configuration \"${CONFIGURATION}\" -sdk ${UFW_OTHER_PLATFORM}${UFW_SDK_VERSION} BUILD_DIR=\"${BUILD_DIR}\" CONFIGURATION_TEMP_DIR=\"${PROJECT_TEMP_DIR}/${CONFIGURATION}-${UFW_OTHER_PLATFORM}\" clean\nfi\n\n\n# Make sure we are building from fresh binaries\n\nrm -rf \"${BUILT_PRODUCTS_DIR}/${EXECUTABLE_PATH}\"\nrm -rf \"${BUILT_PRODUCTS_DIR}/${PRODUCT_NAME}.embeddedframework\"\nrm -rf \"${UFW_OTHER_BUILT_PRODUCTS_DIR}/${EXECUTABLE_PATH}\"\nrm -rf \"${UFW_OTHER_BUILT_PRODUCTS_DIR}/${PRODUCT_NAME}.embeddedframework\"\n";
		};
		0A39B90413E4E81100D0B638 /* ShellScript */ = {
			isa = PBXShellScriptBuildPhase;
			buildActionMask = 2147483647;
			files = (
			);
			inputPaths = (
			);
			outputPaths = (
			);
			runOnlyForDeploymentPostprocessing = 0;
			shellPath = /bin/sh;
			shellScript = "set -e\n\nset +u\nif [[ $UFW_MASTER_SCRIPT_RUNNING ]]\nthen\n# Nothing for the slave script to do\nexit 0\nfi\nset -u\nexport UFW_MASTER_SCRIPT_RUNNING=1\n\n\n# Functions\n\n## List files in the specified directory, storing to the specified array.\n#\n# @param $1 The path to list\n# @param $2 The name of the array to fill\n#\n##\nlist_files ()\n{\n    filelist=$(ls \"$1\")\n    while read line\n    do\n    eval \"$2[\\${#$2[*]}]=\\\"\\$line\\\"\"\n    done <<< \"$filelist\"\n}\n\n\n# Sanity check\n\nif [[ ! -f \"${BUILT_PRODUCTS_DIR}/${EXECUTABLE_PATH}\" ]]\nthen\necho \"Framework target \\\"${TARGET_NAME}\\\" had no source files to build from. Make sure your source files have the correct target membership\"\nexit 1\nfi\n\n\n# Gather information\n\nif [[ \"$SDK_NAME\" =~ ([A-Za-z]+) ]]\nthen\nUFW_SDK_PLATFORM=${BASH_REMATCH[1]}\nelse\necho \"Could not find platform name from SDK_NAME: $SDK_NAME\"\nexit 1\nfi\n\nif [[ \"$SDK_NAME\" =~ ([0-9]+.*$) ]]\nthen\nUFW_SDK_VERSION=${BASH_REMATCH[1]}\nelse\necho \"Could not find sdk version from SDK_NAME: $SDK_NAME\"\nexit 1\nfi\n\nif [[ \"$UFW_SDK_PLATFORM\" = \"iphoneos\" ]]\nthen\nUFW_OTHER_PLATFORM=iphonesimulator\nelse\nUFW_OTHER_PLATFORM=iphoneos\nfi\n\nif [[ \"$BUILT_PRODUCTS_DIR\" =~ (.*)$UFW_SDK_PLATFORM$ ]]\nthen\nUFW_OTHER_BUILT_PRODUCTS_DIR=\"${BASH_REMATCH[1]}${UFW_OTHER_PLATFORM}\"\nelse\necho \"Could not find $UFW_SDK_PLATFORM in $BUILT_PRODUCTS_DIR\"\nexit 1\nfi\n\nONLY_ACTIVE_PLATFORM=${ONLY_ACTIVE_PLATFORM:-$ONLY_ACTIVE_ARCH}\n\n# Short-circuit if all binaries are up to date.\n# We already checked the other platform in the prerun script.\n\nif [[ -f \"${BUILT_PRODUCTS_DIR}/${EXECUTABLE_PATH}\" ]] && [[ -f \"${BUILT_PRODUCTS_DIR}/${PRODUCT_NAME}.embeddedframework/${EXECUTABLE_PATH}\" ]] && [[ ! \"${BUILT_PRODUCTS_DIR}/${EXECUTABLE_PATH}\" -nt \"${BUILT_PRODUCTS_DIR}/${PRODUCT_NAME}.embeddedframework/${EXECUTABLE_PATH}\" ]]\nthen\nexit 0\nfi\n\nif [ \"${ONLY_ACTIVE_PLATFORM}\" == \"YES\" ]\nthen\necho \"ONLY_ACTIVE_PLATFORM=${ONLY_ACTIVE_PLATFORM}: Skipping other platform build\"\nelse\n# Make sure the other platform gets built\n\necho \"Build other platform\"\n\necho xcodebuild -project \"${PROJECT_FILE_PATH}\" -target \"${TARGET_NAME}\" -configuration \"${CONFIGURATION}\" -sdk ${UFW_OTHER_PLATFORM}${UFW_SDK_VERSION} BUILD_DIR=\"${BUILD_DIR}\" CONFIGURATION_TEMP_DIR=\"${PROJECT_TEMP_DIR}/${CONFIGURATION}-${UFW_OTHER_PLATFORM}\" $ACTION\nxcodebuild -project \"${PROJECT_FILE_PATH}\" -target \"${TARGET_NAME}\" -configuration \"${CONFIGURATION}\" -sdk ${UFW_OTHER_PLATFORM}${UFW_SDK_VERSION} BUILD_DIR=\"${BUILD_DIR}\" CONFIGURATION_TEMP_DIR=\"${PROJECT_TEMP_DIR}/${CONFIGURATION}-${UFW_OTHER_PLATFORM}\" $ACTION\n\n\n# Build the fat static library binary\n\necho \"Create universal static library\"\n\nif [[ \"$XCODE_VERSION_MAJOR\" = \"0500\" ]]\nthen\necho \"$DT_TOOLCHAIN_DIR/usr/bin/libtool\" -static \"${BUILT_PRODUCTS_DIR}/${EXECUTABLE_PATH}\" \"${UFW_OTHER_BUILT_PRODUCTS_DIR}/${EXECUTABLE_PATH}\" -o \"${BUILT_PRODUCTS_DIR}/${EXECUTABLE_PATH}.temp\"\n\"$DT_TOOLCHAIN_DIR/usr/bin/libtool\" -static \"${BUILT_PRODUCTS_DIR}/${EXECUTABLE_PATH}\" \"${UFW_OTHER_BUILT_PRODUCTS_DIR}/${EXECUTABLE_PATH}\" -o \"${BUILT_PRODUCTS_DIR}/${EXECUTABLE_PATH}.temp\"\nelse\necho \"$PLATFORM_DEVELOPER_BIN_DIR/libtool\" -static \"${BUILT_PRODUCTS_DIR}/${EXECUTABLE_PATH}\" \"${UFW_OTHER_BUILT_PRODUCTS_DIR}/${EXECUTABLE_PATH}\" -o \"${BUILT_PRODUCTS_DIR}/${EXECUTABLE_PATH}.temp\"\n\"$PLATFORM_DEVELOPER_BIN_DIR/libtool\" -static \"${BUILT_PRODUCTS_DIR}/${EXECUTABLE_PATH}\" \"${UFW_OTHER_BUILT_PRODUCTS_DIR}/${EXECUTABLE_PATH}\" -o \"${BUILT_PRODUCTS_DIR}/${EXECUTABLE_PATH}.temp\"\nfi\necho mv \"${BUILT_PRODUCTS_DIR}/${EXECUTABLE_PATH}.temp\" \"${BUILT_PRODUCTS_DIR}/${EXECUTABLE_PATH}\"\nmv \"${BUILT_PRODUCTS_DIR}/${EXECUTABLE_PATH}.temp\" \"${BUILT_PRODUCTS_DIR}/${EXECUTABLE_PATH}\"\nfi\n\n# Build embedded framework structure\n\necho \"Build Embedded Framework\"\n\necho rm -rf \"${BUILT_PRODUCTS_DIR}/${PRODUCT_NAME}.embeddedframework\"\nrm -rf \"${BUILT_PRODUCTS_DIR}/${PRODUCT_NAME}.embeddedframework\"\necho mkdir -p \"${BUILT_PRODUCTS_DIR}/${PRODUCT_NAME}.embeddedframework/Resources\"\nmkdir -p \"${BUILT_PRODUCTS_DIR}/${PRODUCT_NAME}.embeddedframework/Resources\"\necho cp -a \"${BUILT_PRODUCTS_DIR}/${WRAPPER_NAME}\" \"${BUILT_PRODUCTS_DIR}/${PRODUCT_NAME}.embeddedframework/\"\ncp -a \"${BUILT_PRODUCTS_DIR}/${WRAPPER_NAME}\" \"${BUILT_PRODUCTS_DIR}/${PRODUCT_NAME}.embeddedframework/\"\n\ndeclare -a UFW_FILE_LIST\nlist_files \"${BUILT_PRODUCTS_DIR}/${UNLOCALIZED_RESOURCES_FOLDER_PATH}\" UFW_FILE_LIST\nfor filename in \"${UFW_FILE_LIST[@]}\"\ndo\nif [[ \"${filename}\" != \"Info.plist\" ]] && [[ ! \"${filename}\" =~ .*\\.lproj$ ]]\nthen\necho ln -sfh \"../${WRAPPER_NAME}/Resources/${filename}\" \"${BUILT_PRODUCTS_DIR}/${PRODUCT_NAME}.embeddedframework/Resources/${filename}\"\nln -sfh \"../${WRAPPER_NAME}/Resources/${filename}\" \"${BUILT_PRODUCTS_DIR}/${PRODUCT_NAME}.embeddedframework/Resources/${filename}\"\nfi\ndone\n\n\nif [ \"${ONLY_ACTIVE_PLATFORM}\" != \"YES\" ]\nthen\n# Replace other platform's framework with a copy of this one (so that both have the same universal binary)\n\necho \"Copy from $UFW_SDK_PLATFORM to $UFW_OTHER_PLATFORM\"\n\necho rm -rf \"${BUILD_DIR}/${CONFIGURATION}-${UFW_OTHER_PLATFORM}\"\nrm -rf \"${BUILD_DIR}/${CONFIGURATION}-${UFW_OTHER_PLATFORM}\"\necho cp -a \"${BUILD_DIR}/${CONFIGURATION}-${UFW_SDK_PLATFORM}\" \"${BUILD_DIR}/${CONFIGURATION}-${UFW_OTHER_PLATFORM}\"\ncp -a \"${BUILD_DIR}/${CONFIGURATION}-${UFW_SDK_PLATFORM}\" \"${BUILD_DIR}/${CONFIGURATION}-${UFW_OTHER_PLATFORM}\"\nfi\n";
		};
/* End PBXShellScriptBuildPhase section */

/* Begin PBXSourcesBuildPhase section */
		0A39B90013E4E81100D0B638 /* Sources */ = {
			isa = PBXSourcesBuildPhase;
			buildActionMask = 2147483647;
			files = (
				0A39B95F13E4E96B00D0B638 /* NSArray+Access.m in Sources */,
				0A39B96113E4E96B00D0B638 /* NSArray+Blocks.m in Sources */,
				0A39B96313E4E96B00D0B638 /* NSDictionary+URLParams.m in Sources */,
				0A39B96513E4E96B00D0B638 /* NSLock+Blocks.m in Sources */,
				0A39B96713E4E96B00D0B638 /* NSObject+Blocks.m in Sources */,
				0A39B96913E4E96B00D0B638 /* NSObject+Creation.m in Sources */,
				0A39B96B13E4E96B00D0B638 /* NSOperationQueue+WorkerQueue.m in Sources */,
				0A39B96D13E4E96B00D0B638 /* NSSet+Blocks.m in Sources */,
				0A39B96F13E4E96B00D0B638 /* NSSet+Intersection.m in Sources */,
				0A39B97113E4E96B00D0B638 /* NSString+URLEncode.m in Sources */,
				0A39B97313E4E96B00D0B638 /* NSURL+Parameters.m in Sources */,
				0A39B97513E4E96B00D0B638 /* CustomNavigationBar.m in Sources */,
				0A39B97713E4E96B00D0B638 /* CustomNavigationController.m in Sources */,
				0A39B97913E4E96B00D0B638 /* DecoratedView.m in Sources */,
				0A39B97B13E4E96B00D0B638 /* HorizontalFillLayout.m in Sources */,
				0A39B97F13E4E96B00D0B638 /* ManagedLayoutView.m in Sources */,
				0A39B98113E4E96B00D0B638 /* UBAlertView.m in Sources */,
				0A39B98313E4E96B00D0B638 /* UIApplication+Orientation.m in Sources */,
				0A39B98513E4E96B00D0B638 /* UIBarButtonItem+Buttons.m in Sources */,
				0A39B98713E4E96B00D0B638 /* UIControl+Blocks.m in Sources */,
				0A39B98913E4E96B00D0B638 /* UIGestureRecognizer+Blocks.m in Sources */,
				0A39B98B13E4E96B00D0B638 /* UIImage+Size.m in Sources */,
				0A39B98D13E4E96B00D0B638 /* UIImage+Tint.m in Sources */,
				0A39B99013E4E96B00D0B638 /* UINavigationBar+Background.m in Sources */,
				0A39B99213E4E96B00D0B638 /* UIView+Actions.m in Sources */,
				0A39B99413E4E96B00D0B638 /* UIView+Decorators.m in Sources */,
				0A39B99613E4E96B00D0B638 /* UIView+Hierarchy.m in Sources */,
				0A39B99813E4E96B00D0B638 /* UIView+Positioning.m in Sources */,
				A331738218D016D800F169A4 /* UIApplication+ActivityIndicatorManagement.m in Sources */,
				0A39B99A13E4E96B00D0B638 /* UIView+Size.m in Sources */,
				0A39B99C13E4E96B00D0B638 /* ViewDecorators.m in Sources */,
				0A352A8313E6103A008D4A82 /* NSObject+Marker.m in Sources */,
				0AA1AA0413E9F65400A3D5A7 /* UsefulQuartzFunctions.m in Sources */,
				0AF3ADFD141364FF00E6C6C1 /* NSArray+Zip.m in Sources */,
				0A0158E91414D9560039B4D4 /* VerticalStackLayout.m in Sources */,
				0A9849B71414F77000F85D79 /* ColumnLayout.m in Sources */,
				0A265A1B146CAEB500C8A317 /* NSDictionary+Types.m in Sources */,
				0A7B0BC7147F7CE1002A32AF /* NSDictionary+Blocks.m in Sources */,
				0AE3E07F149205C200C45DC9 /* UIColor+Hex.m in Sources */,
				0AE3E0841492083100C45DC9 /* NSNumber+Hex.m in Sources */,
				0AE9E44A14920EA8006D8985 /* Skin.m in Sources */,
				0AE9E4531492E829006D8985 /* NSDictionary+Intersection.m in Sources */,
				0AE0165414A323330061F9F0 /* UIWebView+Blocks.m in Sources */,
				0A253F7314AC1863003ABC71 /* NSMutableDictionary+ConditionalSet.m in Sources */,
				0A253FA214AD4B8C003ABC71 /* PasswordManager.m in Sources */,
				0A253FA614AD4C0A003ABC71 /* NSMutableDictionary+PasswordManager.m in Sources */,
				0A1B719914D76E0900247F46 /* Stack.m in Sources */,
				0AEA934014DE609200235D65 /* UBFoundationFunctions.m in Sources */,
				0AC777B2154AABF90074331C /* UIView+Skin.m in Sources */,
				0AC777B8154AACA30074331C /* UILabel+Skin.m in Sources */,
				0AB5CD331570CAA000D4A1E8 /* UIColor+Luminosity.m in Sources */,
				AA1044B6166D5D2F00F91D44 /* UIButton+Buttons.m in Sources */,
				A320F20D16F6C5DB0026BE1C /* HorizontalStackLayout.m in Sources */,
			);
			runOnlyForDeploymentPostprocessing = 0;
		};
/* End PBXSourcesBuildPhase section */

/* Begin PBXVariantGroup section */
		0A39B90E13E4E81100D0B638 /* InfoPlist.strings */ = {
			isa = PBXVariantGroup;
			children = (
				0A39B90F13E4E81100D0B638 /* en */,
			);
			name = InfoPlist.strings;
			sourceTree = "<group>";
		};
/* End PBXVariantGroup section */

/* Begin XCBuildConfiguration section */
		0A39B91213E4E81100D0B638 /* Debug */ = {
			isa = XCBuildConfiguration;
			buildSettings = {
				COPY_PHASE_STRIP = NO;
				GCC_C_LANGUAGE_STANDARD = gnu99;
				GCC_DYNAMIC_NO_PIC = NO;
				GCC_OPTIMIZATION_LEVEL = 0;
				GCC_PREPROCESSOR_DEFINITIONS = (
					"DEBUG=1",
					"$(inherited)",
				);
				GCC_STRICT_ALIASING = YES;
				GCC_SYMBOLS_PRIVATE_EXTERN = NO;
				GCC_TREAT_WARNINGS_AS_ERRORS = YES;
				GCC_VERSION = com.apple.compilers.llvm.clang.1_0;
				GCC_WARN_ABOUT_MISSING_PROTOTYPES = YES;
				GCC_WARN_ABOUT_RETURN_TYPE = YES;
				GCC_WARN_UNUSED_VARIABLE = YES;
				IPHONEOS_DEPLOYMENT_TARGET = 4.1;
				OTHER_LDFLAGS = "-ObjC";
				SDKROOT = iphoneos;
			};
			name = Debug;
		};
		0A39B91313E4E81100D0B638 /* Release */ = {
			isa = XCBuildConfiguration;
			buildSettings = {
				COPY_PHASE_STRIP = YES;
				GCC_C_LANGUAGE_STANDARD = gnu99;
				GCC_STRICT_ALIASING = YES;
				GCC_TREAT_WARNINGS_AS_ERRORS = YES;
				GCC_VERSION = com.apple.compilers.llvm.clang.1_0;
				GCC_WARN_ABOUT_MISSING_PROTOTYPES = YES;
				GCC_WARN_ABOUT_RETURN_TYPE = YES;
				GCC_WARN_UNUSED_VARIABLE = YES;
				IPHONEOS_DEPLOYMENT_TARGET = 4.1;
				OTHER_LDFLAGS = "-ObjC";
				SDKROOT = iphoneos;
				STRIP_STYLE = debugging;
				VALIDATE_PRODUCT = YES;
			};
			name = Release;
		};
		0A39B91513E4E81100D0B638 /* Debug */ = {
			isa = XCBuildConfiguration;
			buildSettings = {
				DYLIB_COMPATIBILITY_VERSION = 1;
				DYLIB_CURRENT_VERSION = 1;
				FRAMEWORK_VERSION = A;
				GCC_PRECOMPILE_PREFIX_HEADER = YES;
				GCC_PREFIX_HEADER = "UsefulBits/UsefulBits-Prefix.pch";
				INFOPLIST_FILE = "UsefulBits/UsefulBits-Info.plist";
				PRODUCT_NAME = "$(TARGET_NAME)";
				SKIP_INSTALL = YES;
				WRAPPER_EXTENSION = framework;
			};
			name = Debug;
		};
		0A39B91613E4E81100D0B638 /* Release */ = {
			isa = XCBuildConfiguration;
			buildSettings = {
				DYLIB_COMPATIBILITY_VERSION = 1;
				DYLIB_CURRENT_VERSION = 1;
				FRAMEWORK_VERSION = A;
				GCC_PRECOMPILE_PREFIX_HEADER = YES;
				GCC_PREFIX_HEADER = "UsefulBits/UsefulBits-Prefix.pch";
				INFOPLIST_FILE = "UsefulBits/UsefulBits-Info.plist";
				PRODUCT_NAME = "$(TARGET_NAME)";
				SKIP_INSTALL = YES;
				WRAPPER_EXTENSION = framework;
			};
			name = Release;
		};
/* End XCBuildConfiguration section */

/* Begin XCConfigurationList section */
		0A39B8FD13E4E81100D0B638 /* Build configuration list for PBXProject "UsefulBits" */ = {
			isa = XCConfigurationList;
			buildConfigurations = (
				0A39B91213E4E81100D0B638 /* Debug */,
				0A39B91313E4E81100D0B638 /* Release */,
			);
			defaultConfigurationIsVisible = 0;
			defaultConfigurationName = Release;
		};
		0A39B91413E4E81100D0B638 /* Build configuration list for PBXNativeTarget "UsefulBits" */ = {
			isa = XCConfigurationList;
			buildConfigurations = (
				0A39B91513E4E81100D0B638 /* Debug */,
				0A39B91613E4E81100D0B638 /* Release */,
			);
			defaultConfigurationIsVisible = 0;
			defaultConfigurationName = Release;
		};
/* End XCConfigurationList section */
	};
	rootObject = 0A39B8FA13E4E81100D0B638 /* Project object */;
}
